{
  "version": 4,
  "terraform_version": "1.0.10",
  "serial": 83,
  "lineage": "21b24e6f-a65c-ab45-aed3-47676f977c9b",
  "outputs": {
    "cloudfront_domain_name": {
      "value": "dso7kf5ls6d8l.cloudfront.net",
      "type": "string"
    },
    "custom_domain_name": {
      "value": "beta.harborcentreonmain.com",
      "type": "string"
    }
  },
  "resources": [
    {
      "mode": "data",
      "type": "aws_route53_zone",
      "name": "custom_domain_zone",
      "provider": "provider[\"registry.terraform.io/hashicorp/aws\"]",
      "instances": [
        {
          "schema_version": 0,
          "attributes": {
            "arn": "arn:aws:route53:::hostedzone/Z01079901LJIK1UZYI03T",
            "caller_reference": "RISWorkflow-RD:33147881-1bdc-4369-8b31-478832872003",
            "comment": "HostedZone created by Route53 Registrar",
            "id": "Z01079901LJIK1UZYI03T",
            "linked_service_description": null,
            "linked_service_principal": null,
            "name": "harborcentreonmain.com",
            "name_servers": [
              "ns-984.awsdns-59.net",
              "ns-1707.awsdns-21.co.uk",
              "ns-113.awsdns-14.com",
              "ns-1165.awsdns-17.org"
            ],
            "private_zone": false,
            "resource_record_set_count": 4,
            "tags": {},
            "vpc_id": null,
            "zone_id": "Z01079901LJIK1UZYI03T"
          },
          "sensitive_attributes": []
        }
      ]
    },
    {
      "mode": "managed",
      "type": "aws_route53_record",
      "name": "cloudfront_alias_domain",
      "provider": "provider[\"registry.terraform.io/hashicorp/aws\"]",
      "instances": [
        {
          "index_key": "beta.harborcentreonmain.com",
          "schema_version": 2,
          "attributes": {
            "alias": [
              {
                "evaluate_target_health": false,
                "name": "dso7kf5ls6d8l.cloudfront.net",
                "zone_id": "Z2FDTNDATAQYW2"
              }
            ],
            "allow_overwrite": null,
            "failover_routing_policy": [],
            "fqdn": "beta.harborcentreonmain.com",
            "geolocation_routing_policy": [],
            "health_check_id": "",
            "id": "Z01079901LJIK1UZYI03T_beta.harborcentreonmain.com_A",
            "latency_routing_policy": [],
            "multivalue_answer_routing_policy": null,
            "name": "beta.harborcentreonmain.com",
            "records": [],
            "set_identifier": "",
            "ttl": 0,
            "type": "A",
            "weighted_routing_policy": [],
            "zone_id": "Z01079901LJIK1UZYI03T"
          },
          "sensitive_attributes": [],
          "private": "eyJzY2hlbWFfdmVyc2lvbiI6IjIifQ==",
          "dependencies": [
            "module.tf_next.module.proxy_config.aws_s3_bucket.proxy_config_store",
            "data.aws_route53_zone.custom_domain_zone",
            "module.tf_next.module.api_gateway.aws_apigatewayv2_api.this",
            "module.tf_next.module.cloudfront_main.aws_cloudfront_distribution.distribution",
            "module.tf_next.module.next_image.module.api_gateway.aws_apigatewayv2_api.this",
            "module.tf_next.module.proxy.module.edge_proxy.aws_cloudwatch_log_group.lambda",
            "module.tf_next.module.proxy.module.proxy_package.data.external.download",
            "module.cloudfront_cert.aws_acm_certificate_validation.this",
            "module.tf_next.data.aws_cloudfront_origin_request_policy.managed_all_viewer",
            "module.tf_next.module.next_image.aws_cloudfront_cache_policy.this",
            "module.tf_next.module.next_image.data.aws_region.current",
            "module.tf_next.module.proxy.module.edge_proxy.local_file.archive_plan",
            "module.tf_next.data.aws_cloudfront_cache_policy.managed_caching_optimized",
            "module.tf_next.module.next_image.aws_cloudfront_origin_request_policy.this",
            "module.tf_next.module.proxy.module.edge_proxy.aws_iam_role.lambda",
            "module.tf_next.module.proxy_config.data.aws_cloudfront_cache_policy.managed_caching_optimized_for_uncompressed_objects",
            "module.tf_next.module.statics_deploy.aws_cloudfront_origin_access_identity.this",
            "module.cloudfront_cert.aws_acm_certificate.this",
            "module.tf_next.module.proxy.module.edge_proxy.aws_lambda_function.this",
            "module.tf_next.module.proxy_config.aws_cloudfront_distribution.distribution",
            "module.tf_next.module.statics_deploy.aws_s3_bucket.static_deploy",
            "module.cloudfront_cert.aws_route53_record.validation",
            "module.tf_next.module.proxy.module.edge_proxy.data.aws_iam_policy_document.assume_role",
            "module.tf_next.module.proxy.module.edge_proxy.data.external.archive_prepare",
            "module.tf_next.module.proxy.module.edge_proxy.null_resource.archive",
            "module.tf_next.module.proxy.module.proxy_package.data.external.this",
            "module.tf_next.data.aws_cloudfront_origin_request_policy.managed_cors_s3_origin",
            "module.tf_next.module.proxy.module.edge_proxy.aws_s3_bucket_object.lambda_package",
            "module.tf_next.module.proxy_config.aws_cloudfront_origin_access_identity.this",
            "module.tf_next.module.proxy_config.data.aws_cloudfront_origin_request_policy.managed_cors_s3_origin",
            "module.tf_next.aws_cloudfront_cache_policy.this"
          ]
        }
      ]
    },
    {
      "module": "module.cloudfront_cert",
      "mode": "managed",
      "type": "aws_acm_certificate",
      "name": "this",
      "provider": "provider[\"registry.terraform.io/hashicorp/aws\"].global_region",
      "instances": [
        {
          "index_key": 0,
          "schema_version": 0,
          "attributes": {
            "arn": "arn:aws:acm:us-east-1:654918520080:certificate/6ea48dc8-b4b7-4dc3-ac81-c17d04d52b0b",
            "certificate_authority_arn": "",
            "certificate_body": null,
            "certificate_chain": null,
            "domain_name": "beta.harborcentreonmain.com",
            "domain_validation_options": [
              {
                "domain_name": "beta.harborcentreonmain.com",
                "resource_record_name": "_d3039986c43b6618ce3bb0948b22125e.beta.harborcentreonmain.com.",
                "resource_record_type": "CNAME",
                "resource_record_value": "_bd51eb4df409d2034eb4a4e69affef27.kzhndfqvzk.acm-validations.aws."
              }
            ],
            "id": "arn:aws:acm:us-east-1:654918520080:certificate/6ea48dc8-b4b7-4dc3-ac81-c17d04d52b0b",
            "options": [
              {
                "certificate_transparency_logging_preference": "ENABLED"
              }
            ],
            "private_key": null,
            "status": "ISSUED",
            "subject_alternative_names": [],
            "tags": {
              "Name": "CloudFront beta.harborcentreonmain.com"
            },
            "tags_all": {
              "Name": "CloudFront beta.harborcentreonmain.com"
            },
            "validation_emails": [],
            "validation_method": "DNS"
          },
          "sensitive_attributes": [],
          "private": "bnVsbA==",
          "create_before_destroy": true
        }
      ]
    },
    {
      "module": "module.cloudfront_cert",
      "mode": "managed",
      "type": "aws_acm_certificate_validation",
      "name": "this",
      "provider": "provider[\"registry.terraform.io/hashicorp/aws\"].global_region",
      "instances": [
        {
          "index_key": 0,
          "schema_version": 0,
          "attributes": {
            "certificate_arn": "arn:aws:acm:us-east-1:654918520080:certificate/6ea48dc8-b4b7-4dc3-ac81-c17d04d52b0b",
            "id": "2021-11-30 01:26:59.439 +0000 UTC",
            "timeouts": null,
            "validation_record_fqdns": [
              "_d3039986c43b6618ce3bb0948b22125e.beta.harborcentreonmain.com"
            ]
          },
          "sensitive_attributes": [],
          "private": "eyJlMmJmYjczMC1lY2FhLTExZTYtOGY4OC0zNDM2M2JjN2M0YzAiOnsiY3JlYXRlIjoyNzAwMDAwMDAwMDAwfX0=",
          "dependencies": [
            "data.aws_route53_zone.custom_domain_zone",
            "module.cloudfront_cert.aws_acm_certificate.this",
            "module.cloudfront_cert.aws_route53_record.validation"
          ]
        }
      ]
    },
    {
      "module": "module.cloudfront_cert",
      "mode": "managed",
      "type": "aws_route53_record",
      "name": "validation",
      "provider": "provider[\"registry.terraform.io/hashicorp/aws\"].global_region",
      "instances": [
        {
          "index_key": 0,
          "schema_version": 2,
          "attributes": {
            "alias": [],
            "allow_overwrite": true,
            "failover_routing_policy": [],
            "fqdn": "_d3039986c43b6618ce3bb0948b22125e.beta.harborcentreonmain.com",
            "geolocation_routing_policy": [],
            "health_check_id": "",
            "id": "Z01079901LJIK1UZYI03T__d3039986c43b6618ce3bb0948b22125e.beta.harborcentreonmain.com._CNAME",
            "latency_routing_policy": [],
            "multivalue_answer_routing_policy": null,
            "name": "_d3039986c43b6618ce3bb0948b22125e.beta.harborcentreonmain.com",
            "records": [
              "_bd51eb4df409d2034eb4a4e69affef27.kzhndfqvzk.acm-validations.aws."
            ],
            "set_identifier": "",
            "ttl": 60,
            "type": "CNAME",
            "weighted_routing_policy": [],
            "zone_id": "Z01079901LJIK1UZYI03T"
          },
          "sensitive_attributes": [],
          "private": "eyJzY2hlbWFfdmVyc2lvbiI6IjIifQ==",
          "dependencies": [
            "data.aws_route53_zone.custom_domain_zone",
            "module.cloudfront_cert.aws_acm_certificate.this"
          ]
        }
      ]
    },
    {
      "module": "module.tf_next",
      "mode": "data",
      "type": "aws_cloudfront_cache_policy",
      "name": "managed_caching_optimized",
      "provider": "provider[\"registry.terraform.io/hashicorp/aws\"]",
      "instances": [
        {
          "schema_version": 0,
          "attributes": {
            "comment": "Default policy when CF compression is enabled",
            "default_ttl": 86400,
            "etag": "E23ZP02F085DFQ",
            "id": "658327ea-f89d-4fab-a63d-7e88639e58f6",
            "max_ttl": 31536000,
            "min_ttl": 1,
            "name": "Managed-CachingOptimized",
            "parameters_in_cache_key_and_forwarded_to_origin": [
              {
                "cookies_config": [
                  {
                    "cookie_behavior": "none",
                    "cookies": []
                  }
                ],
                "enable_accept_encoding_brotli": true,
                "enable_accept_encoding_gzip": true,
                "headers_config": [
                  {
                    "header_behavior": "none",
                    "headers": []
                  }
                ],
                "query_strings_config": [
                  {
                    "query_string_behavior": "none",
                    "query_strings": []
                  }
                ]
              }
            ]
          },
          "sensitive_attributes": []
        }
      ]
    },
    {
      "module": "module.tf_next",
      "mode": "data",
      "type": "aws_cloudfront_origin_request_policy",
      "name": "managed_all_viewer",
      "provider": "provider[\"registry.terraform.io/hashicorp/aws\"]",
      "instances": [
        {
          "schema_version": 0,
          "attributes": {
            "comment": "Policy with forward all parameters in viewer requests",
            "cookies_config": [
              {
                "cookie_behavior": "all",
                "cookies": []
              }
            ],
            "etag": "E23ZP02F085DFQ",
            "headers_config": [
              {
                "header_behavior": "allViewer",
                "headers": []
              }
            ],
            "id": "216adef6-5c7f-47e4-b989-5492eafa07d3",
            "name": "Managed-AllViewer",
            "query_strings_config": [
              {
                "query_string_behavior": "all",
                "query_strings": []
              }
            ]
          },
          "sensitive_attributes": []
        }
      ]
    },
    {
      "module": "module.tf_next",
      "mode": "data",
      "type": "aws_cloudfront_origin_request_policy",
      "name": "managed_cors_s3_origin",
      "provider": "provider[\"registry.terraform.io/hashicorp/aws\"]",
      "instances": [
        {
          "schema_version": 0,
          "attributes": {
            "comment": "Policy for S3 origin with CORS",
            "cookies_config": [
              {
                "cookie_behavior": "none",
                "cookies": []
              }
            ],
            "etag": "E23ZP02F085DFQ",
            "headers_config": [
              {
                "header_behavior": "whitelist",
                "headers": [
                  {
                    "items": [
                      "access-control-request-headers",
                      "access-control-request-method",
                      "origin"
                    ]
                  }
                ]
              }
            ],
            "id": "88a5eaf4-2fd4-4709-b370-b4c650ea3fcf",
            "name": "Managed-CORS-S3Origin",
            "query_strings_config": [
              {
                "query_string_behavior": "none",
                "query_strings": []
              }
            ]
          },
          "sensitive_attributes": []
        }
      ]
    },
    {
      "module": "module.tf_next",
      "mode": "data",
      "type": "aws_iam_policy_document",
      "name": "access_static_deployment",
      "provider": "provider[\"registry.terraform.io/hashicorp/aws\"]",
      "instances": [
        {
          "schema_version": 0,
          "attributes": {
            "id": "2699180306",
            "json": "{\n  \"Version\": \"2012-10-17\",\n  \"Statement\": [\n    {\n      \"Sid\": \"\",\n      \"Effect\": \"Allow\",\n      \"Action\": \"s3:GetObject\",\n      \"Resource\": \"arn:aws:s3:::harbor-centre-on-main-beta-tfn-static20211130012639420700000005/*\"\n    }\n  ]\n}",
            "override_json": null,
            "override_policy_documents": null,
            "policy_id": null,
            "source_json": null,
            "source_policy_documents": null,
            "statement": [
              {
                "actions": [
                  "s3:GetObject"
                ],
                "condition": [],
                "effect": "Allow",
                "not_actions": [],
                "not_principals": [],
                "not_resources": [],
                "principals": [],
                "resources": [
                  "arn:aws:s3:::harbor-centre-on-main-beta-tfn-static20211130012639420700000005/*"
                ],
                "sid": ""
              }
            ],
            "version": "2012-10-17"
          },
          "sensitive_attributes": []
        }
      ]
    },
    {
      "module": "module.tf_next",
      "mode": "data",
      "type": "aws_iam_policy_document",
      "name": "assume_role",
      "provider": "provider[\"registry.terraform.io/hashicorp/aws\"]",
      "instances": [
        {
          "schema_version": 0,
          "attributes": {
            "id": "3693445097",
            "json": "{\n  \"Version\": \"2012-10-17\",\n  \"Statement\": [\n    {\n      \"Sid\": \"\",\n      \"Effect\": \"Allow\",\n      \"Action\": \"sts:AssumeRole\",\n      \"Principal\": {\n        \"Service\": \"lambda.amazonaws.com\"\n      }\n    }\n  ]\n}",
            "override_json": null,
            "override_policy_documents": null,
            "policy_id": null,
            "source_json": null,
            "source_policy_documents": null,
            "statement": [
              {
                "actions": [
                  "sts:AssumeRole"
                ],
                "condition": [],
                "effect": "Allow",
                "not_actions": [],
                "not_principals": [],
                "not_resources": [],
                "principals": [
                  {
                    "identifiers": [
                      "lambda.amazonaws.com"
                    ],
                    "type": "Service"
                  }
                ],
                "resources": [],
                "sid": ""
              }
            ],
            "version": "2012-10-17"
          },
          "sensitive_attributes": []
        }
      ]
    },
    {
      "module": "module.tf_next",
      "mode": "data",
      "type": "aws_iam_policy_document",
      "name": "lambda_logging",
      "provider": "provider[\"registry.terraform.io/hashicorp/aws\"]",
      "instances": [
        {
          "schema_version": 0,
          "attributes": {
            "id": "4063422367",
            "json": "{\n  \"Version\": \"2012-10-17\",\n  \"Statement\": [\n    {\n      \"Sid\": \"\",\n      \"Effect\": \"Allow\",\n      \"Action\": [\n        \"logs:PutLogEvents\",\n        \"logs:CreateLogStream\",\n        \"logs:CreateLogGroup\"\n      ],\n      \"Resource\": \"arn:aws:logs:*:*:*\"\n    }\n  ]\n}",
            "override_json": null,
            "override_policy_documents": null,
            "policy_id": null,
            "source_json": null,
            "source_policy_documents": null,
            "statement": [
              {
                "actions": [
                  "logs:CreateLogGroup",
                  "logs:CreateLogStream",
                  "logs:PutLogEvents"
                ],
                "condition": [],
                "effect": "Allow",
                "not_actions": [],
                "not_principals": [],
                "not_resources": [],
                "principals": [],
                "resources": [
                  "arn:aws:logs:*:*:*"
                ],
                "sid": ""
              }
            ],
            "version": "2012-10-17"
          },
          "sensitive_attributes": []
        }
      ]
    },
    {
      "module": "module.tf_next",
      "mode": "managed",
      "type": "aws_cloudfront_cache_policy",
      "name": "this",
      "provider": "provider[\"registry.terraform.io/hashicorp/aws\"]",
      "instances": [
        {
          "schema_version": 0,
          "attributes": {
            "comment": "Managed by Terraform Next.js",
            "default_ttl": 86400,
            "etag": "E23ZP02F085DFQ",
            "id": "9459c18e-522c-4445-a766-75f40e45ad39",
            "max_ttl": 31536000,
            "min_ttl": 0,
            "name": "harbor-centre-on-main-beta_tfn-cache",
            "parameters_in_cache_key_and_forwarded_to_origin": [
              {
                "cookies_config": [
                  {
                    "cookie_behavior": "all",
                    "cookies": []
                  }
                ],
                "enable_accept_encoding_brotli": true,
                "enable_accept_encoding_gzip": true,
                "headers_config": [
                  {
                    "header_behavior": "whitelist",
                    "headers": [
                      {
                        "items": [
                          "Authorization",
                          "host"
                        ]
                      }
                    ]
                  }
                ],
                "query_strings_config": [
                  {
                    "query_string_behavior": "all",
                    "query_strings": []
                  }
                ]
              }
            ]
          },
          "sensitive_attributes": [],
          "private": "bnVsbA=="
        }
      ]
    },
    {
      "module": "module.tf_next",
      "mode": "managed",
      "type": "aws_iam_policy",
      "name": "lambda_logging",
      "provider": "provider[\"registry.terraform.io/hashicorp/aws\"]",
      "instances": [
        {
          "schema_version": 0,
          "attributes": {
            "arn": "arn:aws:iam::654918520080:policy/terraform-20211130012640037000000008",
            "description": "Managed by Terraform Next.js",
            "id": "arn:aws:iam::654918520080:policy/terraform-20211130012640037000000008",
            "name": "terraform-20211130012640037000000008",
            "name_prefix": null,
            "path": "/",
            "policy": "{\n  \"Version\": \"2012-10-17\",\n  \"Statement\": [\n    {\n      \"Sid\": \"\",\n      \"Effect\": \"Allow\",\n      \"Action\": [\n        \"logs:PutLogEvents\",\n        \"logs:CreateLogStream\",\n        \"logs:CreateLogGroup\"\n      ],\n      \"Resource\": \"arn:aws:logs:*:*:*\"\n    }\n  ]\n}",
            "policy_id": "ANPAZQ7BPRUIFXJ5UTQSO",
            "tags": {},
            "tags_all": {}
          },
          "sensitive_attributes": [],
          "private": "bnVsbA==",
          "dependencies": [
            "module.tf_next.data.aws_iam_policy_document.lambda_logging"
          ]
        }
      ]
    },
    {
      "module": "module.tf_next.module.api_gateway",
      "mode": "managed",
      "type": "aws_apigatewayv2_api",
      "name": "this",
      "provider": "provider[\"registry.terraform.io/hashicorp/aws\"]",
      "instances": [
        {
          "index_key": 0,
          "schema_version": 0,
          "attributes": {
            "api_endpoint": "https://hfgtgv0h7e.execute-api.us-east-1.amazonaws.com",
            "api_key_selection_expression": "$request.header.x-api-key",
            "arn": "arn:aws:apigateway:us-east-1::/apis/hfgtgv0h7e",
            "body": null,
            "cors_configuration": [],
            "credentials_arn": null,
            "description": "Managed by Terraform Next.js",
            "disable_execute_api_endpoint": false,
            "execution_arn": "arn:aws:execute-api:us-east-1:654918520080:hfgtgv0h7e",
            "fail_on_warnings": null,
            "id": "hfgtgv0h7e",
            "name": "harbor-centre-on-main-beta",
            "protocol_type": "HTTP",
            "route_key": null,
            "route_selection_expression": "$request.method $request.path",
            "tags": {},
            "tags_all": {},
            "target": null,
            "version": ""
          },
          "sensitive_attributes": [],
          "private": "bnVsbA=="
        }
      ]
    },
    {
      "module": "module.tf_next.module.api_gateway",
      "mode": "managed",
      "type": "aws_apigatewayv2_stage",
      "name": "default",
      "provider": "provider[\"registry.terraform.io/hashicorp/aws\"]",
      "instances": [
        {
          "index_key": 0,
          "schema_version": 0,
          "attributes": {
            "access_log_settings": [],
            "api_id": "hfgtgv0h7e",
            "arn": "arn:aws:apigateway:us-east-1::/apis/hfgtgv0h7e/stages/$default",
            "auto_deploy": true,
            "client_certificate_id": "",
            "default_route_settings": [
              {
                "data_trace_enabled": false,
                "detailed_metrics_enabled": false,
                "logging_level": "",
                "throttling_burst_limit": 0,
                "throttling_rate_limit": 0
              }
            ],
            "deployment_id": "",
            "description": "",
            "execution_arn": "arn:aws:execute-api:us-east-1:654918520080:hfgtgv0h7e/$default",
            "id": "$default",
            "invoke_url": "https://hfgtgv0h7e.execute-api.us-east-1.amazonaws.com/",
            "name": "$default",
            "route_settings": [],
            "stage_variables": {},
            "tags": {},
            "tags_all": {}
          },
          "sensitive_attributes": [],
          "private": "bnVsbA==",
          "dependencies": [
            "module.tf_next.module.api_gateway.aws_apigatewayv2_api.this"
          ]
        }
      ]
    },
    {
      "module": "module.tf_next.module.cloudfront_main[0]",
      "mode": "managed",
      "type": "aws_cloudfront_distribution",
      "name": "distribution",
      "provider": "provider[\"registry.terraform.io/hashicorp/aws\"]",
      "instances": [
        {
          "schema_version": 1,
          "attributes": {
            "aliases": [
              "beta.harborcentreonmain.com"
            ],
            "arn": "arn:aws:cloudfront::654918520080:distribution/E3PHC6SVQGANOW",
            "caller_reference": "terraform-2021113001294107750000000e",
            "comment": "harbor-centre-on-main-beta - Main",
            "custom_error_response": [
              {
                "error_caching_min_ttl": 60,
                "error_code": 403,
                "response_code": 404,
                "response_page_path": "/404"
              }
            ],
            "default_cache_behavior": [
              {
                "allowed_methods": [
                  "DELETE",
                  "GET",
                  "HEAD",
                  "OPTIONS",
                  "PATCH",
                  "POST",
                  "PUT"
                ],
                "cache_policy_id": "9459c18e-522c-4445-a766-75f40e45ad39",
                "cached_methods": [
                  "GET",
                  "HEAD"
                ],
                "compress": true,
                "default_ttl": 0,
                "field_level_encryption_id": "",
                "forwarded_values": [],
                "function_association": [],
                "lambda_function_association": [
                  {
                    "event_type": "origin-request",
                    "include_body": false,
                    "lambda_arn": "arn:aws:lambda:us-east-1:654918520080:function:harbor-centre-on-main-beta_tfn-proxy:1"
                  }
                ],
                "max_ttl": 0,
                "min_ttl": 0,
                "origin_request_policy_id": "216adef6-5c7f-47e4-b989-5492eafa07d3",
                "realtime_log_config_arn": "",
                "response_headers_policy_id": "",
                "smooth_streaming": false,
                "target_origin_id": "tf-next-s3-static-content",
                "trusted_key_groups": [],
                "trusted_signers": [],
                "viewer_protocol_policy": "redirect-to-https"
              }
            ],
            "default_root_object": "",
            "domain_name": "dso7kf5ls6d8l.cloudfront.net",
            "enabled": true,
            "etag": "E1EPCU455AJCKY",
            "hosted_zone_id": "Z2FDTNDATAQYW2",
            "http_version": "http2",
            "id": "E3PHC6SVQGANOW",
            "in_progress_validation_batches": 0,
            "is_ipv6_enabled": true,
            "last_modified_time": "2021-11-30 01:29:41.302 +0000 UTC",
            "logging_config": [],
            "ordered_cache_behavior": [
              {
                "allowed_methods": [
                  "GET",
                  "HEAD"
                ],
                "cache_policy_id": "d6e9c8a4-d732-42a9-9adb-18d032bc28fe",
                "cached_methods": [
                  "GET",
                  "HEAD"
                ],
                "compress": true,
                "default_ttl": 0,
                "field_level_encryption_id": "",
                "forwarded_values": [],
                "function_association": [],
                "lambda_function_association": [],
                "max_ttl": 0,
                "min_ttl": 0,
                "origin_request_policy_id": "95fbc2aa-9fb3-4dba-968b-4e4319e10dff",
                "path_pattern": "/_next/image*",
                "realtime_log_config_arn": "",
                "response_headers_policy_id": "",
                "smooth_streaming": false,
                "target_origin_id": "tf-next-image-optimizer",
                "trusted_key_groups": [],
                "trusted_signers": [],
                "viewer_protocol_policy": "redirect-to-https"
              },
              {
                "allowed_methods": [
                  "GET",
                  "HEAD"
                ],
                "cache_policy_id": "658327ea-f89d-4fab-a63d-7e88639e58f6",
                "cached_methods": [
                  "GET",
                  "HEAD"
                ],
                "compress": true,
                "default_ttl": 0,
                "field_level_encryption_id": "",
                "forwarded_values": [],
                "function_association": [],
                "lambda_function_association": [],
                "max_ttl": 0,
                "min_ttl": 0,
                "origin_request_policy_id": "88a5eaf4-2fd4-4709-b370-b4c650ea3fcf",
                "path_pattern": "/_next/static/*",
                "realtime_log_config_arn": "",
                "response_headers_policy_id": "",
                "smooth_streaming": false,
                "target_origin_id": "tf-next-s3-static-content",
                "trusted_key_groups": [],
                "trusted_signers": [],
                "viewer_protocol_policy": "redirect-to-https"
              }
            ],
            "origin": [
              {
                "connection_attempts": 3,
                "connection_timeout": 10,
                "custom_header": [
                  {
                    "name": "x-env-api-endpoint",
                    "value": "hfgtgv0h7e.execute-api.us-east-1.amazonaws.com"
                  },
                  {
                    "name": "x-env-config-endpoint",
                    "value": "http://dtmqf14cn8u80.cloudfront.net/proxy-config.json"
                  }
                ],
                "custom_origin_config": [],
                "domain_name": "harbor-centre-on-main-beta-tfn-static20211130012639420700000005.s3.amazonaws.com",
                "origin_id": "tf-next-s3-static-content",
                "origin_path": "",
                "origin_shield": [],
                "s3_origin_config": [
                  {
                    "origin_access_identity": "origin-access-identity/cloudfront/E3AQEG1KIZWUV5"
                  }
                ]
              },
              {
                "connection_attempts": 3,
                "connection_timeout": 10,
                "custom_header": [],
                "custom_origin_config": [
                  {
                    "http_port": 80,
                    "https_port": 443,
                    "origin_keepalive_timeout": 5,
                    "origin_protocol_policy": "https-only",
                    "origin_read_timeout": 30,
                    "origin_ssl_protocols": [
                      "TLSv1.2"
                    ]
                  }
                ],
                "domain_name": "hkgr7vvikk.execute-api.us-east-1.amazonaws.com",
                "origin_id": "tf-next-image-optimizer",
                "origin_path": "",
                "origin_shield": [
                  {
                    "enabled": true,
                    "origin_shield_region": "us-east-1"
                  }
                ],
                "s3_origin_config": []
              }
            ],
            "origin_group": [],
            "price_class": "PriceClass_100",
            "restrictions": [
              {
                "geo_restriction": [
                  {
                    "locations": [],
                    "restriction_type": "none"
                  }
                ]
              }
            ],
            "retain_on_delete": false,
            "status": "Deployed",
            "tags": {},
            "tags_all": {},
            "trusted_key_groups": [
              {
                "enabled": false,
                "items": []
              }
            ],
            "trusted_signers": [
              {
                "enabled": false,
                "items": []
              }
            ],
            "viewer_certificate": [
              {
                "acm_certificate_arn": "arn:aws:acm:us-east-1:654918520080:certificate/6ea48dc8-b4b7-4dc3-ac81-c17d04d52b0b",
                "cloudfront_default_certificate": false,
                "iam_certificate_id": "",
                "minimum_protocol_version": "TLSv1",
                "ssl_support_method": "sni-only"
              }
            ],
            "wait_for_deployment": true,
            "web_acl_id": ""
          },
          "sensitive_attributes": [],
          "private": "eyJzY2hlbWFfdmVyc2lvbiI6IjEifQ==",
          "dependencies": [
            "module.tf_next.data.aws_cloudfront_origin_request_policy.managed_cors_s3_origin",
            "module.tf_next.module.proxy_config.aws_cloudfront_distribution.distribution",
            "module.tf_next.module.proxy_config.aws_s3_bucket.proxy_config_store",
            "module.tf_next.module.proxy_config.data.aws_cloudfront_origin_request_policy.managed_cors_s3_origin",
            "module.tf_next.aws_cloudfront_cache_policy.this",
            "module.tf_next.module.proxy.module.edge_proxy.aws_cloudwatch_log_group.lambda",
            "module.tf_next.module.proxy.module.edge_proxy.aws_s3_bucket_object.lambda_package",
            "module.tf_next.module.proxy.module.proxy_package.data.external.this",
            "module.tf_next.module.proxy_config.data.aws_cloudfront_cache_policy.managed_caching_optimized_for_uncompressed_objects",
            "data.aws_route53_zone.custom_domain_zone",
            "module.tf_next.data.aws_cloudfront_origin_request_policy.managed_all_viewer",
            "module.tf_next.module.next_image.aws_cloudfront_cache_policy.this",
            "module.tf_next.module.proxy.module.edge_proxy.data.external.archive_prepare",
            "module.tf_next.module.statics_deploy.aws_s3_bucket.static_deploy",
            "module.cloudfront_cert.aws_route53_record.validation",
            "module.tf_next.module.api_gateway.aws_apigatewayv2_api.this",
            "module.tf_next.module.proxy.module.edge_proxy.aws_iam_role.lambda",
            "module.tf_next.module.proxy.module.edge_proxy.aws_lambda_function.this",
            "module.tf_next.module.next_image.aws_cloudfront_origin_request_policy.this",
            "module.tf_next.module.next_image.data.aws_region.current",
            "module.tf_next.module.proxy.module.edge_proxy.local_file.archive_plan",
            "module.cloudfront_cert.aws_acm_certificate.this",
            "module.cloudfront_cert.aws_acm_certificate_validation.this",
            "module.tf_next.module.next_image.module.api_gateway.aws_apigatewayv2_api.this",
            "module.tf_next.module.proxy.module.edge_proxy.null_resource.archive",
            "module.tf_next.module.statics_deploy.aws_cloudfront_origin_access_identity.this",
            "module.tf_next.data.aws_cloudfront_cache_policy.managed_caching_optimized",
            "module.tf_next.module.proxy.module.edge_proxy.data.aws_iam_policy_document.assume_role",
            "module.tf_next.module.proxy.module.proxy_package.data.external.download",
            "module.tf_next.module.proxy_config.aws_cloudfront_origin_access_identity.this"
          ]
        }
      ]
    },
    {
      "module": "module.tf_next.module.next_image[0]",
      "mode": "data",
      "type": "aws_region",
      "name": "current",
      "provider": "provider[\"registry.terraform.io/hashicorp/aws\"]",
      "instances": [
        {
          "schema_version": 0,
          "attributes": {
            "description": "US East (N. Virginia)",
            "endpoint": "ec2.us-east-1.amazonaws.com",
            "id": "us-east-1",
            "name": "us-east-1"
          },
          "sensitive_attributes": []
        }
      ]
    },
    {
      "module": "module.tf_next.module.next_image[0]",
      "mode": "managed",
      "type": "aws_cloudfront_cache_policy",
      "name": "this",
      "provider": "provider[\"registry.terraform.io/hashicorp/aws\"]",
      "instances": [
        {
          "schema_version": 0,
          "attributes": {
            "comment": "Managed by Terraform Next.js image optimizer",
            "default_ttl": 86400,
            "etag": "E23ZP02F085DFQ",
            "id": "d6e9c8a4-d732-42a9-9adb-18d032bc28fe",
            "max_ttl": 31536000,
            "min_ttl": 0,
            "name": "harbor-centre-on-main-beta_tfn-image_image-cache",
            "parameters_in_cache_key_and_forwarded_to_origin": [
              {
                "cookies_config": [
                  {
                    "cookie_behavior": "none",
                    "cookies": []
                  }
                ],
                "enable_accept_encoding_brotli": true,
                "enable_accept_encoding_gzip": true,
                "headers_config": [
                  {
                    "header_behavior": "whitelist",
                    "headers": [
                      {
                        "items": [
                          "accept"
                        ]
                      }
                    ]
                  }
                ],
                "query_strings_config": [
                  {
                    "query_string_behavior": "whitelist",
                    "query_strings": [
                      {
                        "items": [
                          "q",
                          "url",
                          "w"
                        ]
                      }
                    ]
                  }
                ]
              }
            ]
          },
          "sensitive_attributes": [],
          "private": "bnVsbA==",
          "dependencies": [
            "module.tf_next.module.statics_deploy.aws_s3_bucket.static_deploy"
          ]
        }
      ]
    },
    {
      "module": "module.tf_next.module.next_image[0]",
      "mode": "managed",
      "type": "aws_cloudfront_origin_request_policy",
      "name": "this",
      "provider": "provider[\"registry.terraform.io/hashicorp/aws\"]",
      "instances": [
        {
          "schema_version": 0,
          "attributes": {
            "comment": "Managed by Terraform Next.js image optimizer",
            "cookies_config": [
              {
                "cookie_behavior": "none",
                "cookies": []
              }
            ],
            "etag": "E23ZP02F085DFQ",
            "headers_config": [
              {
                "header_behavior": "whitelist",
                "headers": [
                  {
                    "items": [
                      "accept"
                    ]
                  }
                ]
              }
            ],
            "id": "95fbc2aa-9fb3-4dba-968b-4e4319e10dff",
            "name": "harbor-centre-on-main-beta_tfn-image_request",
            "query_strings_config": [
              {
                "query_string_behavior": "whitelist",
                "query_strings": [
                  {
                    "items": [
                      "q",
                      "url",
                      "w"
                    ]
                  }
                ]
              }
            ]
          },
          "sensitive_attributes": [],
          "private": "bnVsbA==",
          "dependencies": [
            "module.tf_next.module.statics_deploy.aws_s3_bucket.static_deploy"
          ]
        }
      ]
    },
    {
      "module": "module.tf_next.module.next_image[0].module.api_gateway",
      "mode": "managed",
      "type": "aws_apigatewayv2_api",
      "name": "this",
      "provider": "provider[\"registry.terraform.io/hashicorp/aws\"]",
      "instances": [
        {
          "index_key": 0,
          "schema_version": 0,
          "attributes": {
            "api_endpoint": "https://hkgr7vvikk.execute-api.us-east-1.amazonaws.com",
            "api_key_selection_expression": "$request.header.x-api-key",
            "arn": "arn:aws:apigateway:us-east-1::/apis/hkgr7vvikk",
            "body": null,
            "cors_configuration": [],
            "credentials_arn": null,
            "description": "Managed by Terraform Next.js image optimizer",
            "disable_execute_api_endpoint": false,
            "execution_arn": "arn:aws:execute-api:us-east-1:654918520080:hkgr7vvikk",
            "fail_on_warnings": null,
            "id": "hkgr7vvikk",
            "name": "harbor-centre-on-main-beta_tfn-image",
            "protocol_type": "HTTP",
            "route_key": null,
            "route_selection_expression": "$request.method $request.path",
            "tags": {},
            "tags_all": {},
            "target": null,
            "version": ""
          },
          "sensitive_attributes": [],
          "private": "bnVsbA=="
        }
      ]
    },
    {
      "module": "module.tf_next.module.next_image[0].module.api_gateway",
      "mode": "managed",
      "type": "aws_apigatewayv2_integration",
      "name": "this",
      "provider": "provider[\"registry.terraform.io/hashicorp/aws\"]",
      "instances": [
        {
          "index_key": "GET /_next/{proxy+}",
          "schema_version": 0,
          "attributes": {
            "api_id": "hkgr7vvikk",
            "connection_id": "",
            "connection_type": "INTERNET",
            "content_handling_strategy": "",
            "credentials_arn": "",
            "description": "",
            "id": "dtt24yr",
            "integration_method": "POST",
            "integration_response_selection_expression": "",
            "integration_subtype": "",
            "integration_type": "AWS_PROXY",
            "integration_uri": "arn:aws:lambda:us-east-1:654918520080:function:harbor-centre-on-main-beta_tfn-image",
            "passthrough_behavior": "",
            "payload_format_version": "2.0",
            "request_parameters": {},
            "request_templates": {},
            "response_parameters": [],
            "template_selection_expression": "",
            "timeout_milliseconds": 30000,
            "tls_config": []
          },
          "sensitive_attributes": [],
          "private": "bnVsbA==",
          "dependencies": [
            "module.tf_next.module.next_image.module.api_gateway.aws_apigatewayv2_api.this",
            "module.tf_next.module.next_image.module.image_optimizer.aws_cloudwatch_log_group.lambda",
            "module.tf_next.module.next_image.module.image_optimizer.aws_lambda_function.this",
            "module.tf_next.module.next_image.module.image_optimizer.aws_s3_bucket_object.lambda_package",
            "module.tf_next.module.next_image.module.image_optimizer.null_resource.archive",
            "module.tf_next.module.statics_deploy.aws_s3_bucket.static_deploy",
            "module.tf_next.module.next_image.module.api_gateway.aws_apigatewayv2_vpc_link.this",
            "module.tf_next.module.next_image.module.image_optimizer.aws_iam_role.lambda",
            "module.tf_next.module.next_image.module.image_optimizer.data.aws_iam_policy_document.assume_role",
            "module.tf_next.module.next_image.module.image_optimizer.data.external.archive_prepare",
            "module.tf_next.module.next_image.module.image_optimizer.local_file.archive_plan",
            "module.tf_next.module.next_image.module.lambda_content.data.external.download",
            "module.tf_next.module.next_image.module.lambda_content.data.external.this"
          ]
        }
      ]
    },
    {
      "module": "module.tf_next.module.next_image[0].module.api_gateway",
      "mode": "managed",
      "type": "aws_apigatewayv2_route",
      "name": "this",
      "provider": "provider[\"registry.terraform.io/hashicorp/aws\"]",
      "instances": [
        {
          "index_key": "GET /_next/{proxy+}",
          "schema_version": 0,
          "attributes": {
            "api_id": "hkgr7vvikk",
            "api_key_required": false,
            "authorization_scopes": [],
            "authorization_type": "NONE",
            "authorizer_id": "",
            "id": "sg9xyv2",
            "model_selection_expression": "",
            "operation_name": "",
            "request_models": {},
            "request_parameter": [],
            "route_key": "GET /_next/{proxy+}",
            "route_response_selection_expression": "",
            "target": "integrations/dtt24yr"
          },
          "sensitive_attributes": [],
          "private": "bnVsbA==",
          "dependencies": [
            "module.tf_next.module.next_image.module.api_gateway.aws_apigatewayv2_api.this",
            "module.tf_next.module.next_image.module.image_optimizer.aws_iam_role.lambda",
            "module.tf_next.module.next_image.module.image_optimizer.aws_lambda_function.this",
            "module.tf_next.module.next_image.module.image_optimizer.aws_s3_bucket_object.lambda_package",
            "module.tf_next.module.next_image.module.image_optimizer.data.aws_iam_policy_document.assume_role",
            "module.tf_next.module.next_image.module.image_optimizer.data.external.archive_prepare",
            "module.tf_next.module.next_image.module.api_gateway.aws_apigatewayv2_integration.this",
            "module.tf_next.module.statics_deploy.aws_s3_bucket.static_deploy",
            "module.tf_next.module.next_image.module.api_gateway.aws_apigatewayv2_vpc_link.this",
            "module.tf_next.module.next_image.module.image_optimizer.aws_cloudwatch_log_group.lambda",
            "module.tf_next.module.next_image.module.image_optimizer.local_file.archive_plan",
            "module.tf_next.module.next_image.module.image_optimizer.null_resource.archive",
            "module.tf_next.module.next_image.module.lambda_content.data.external.download",
            "module.tf_next.module.next_image.module.lambda_content.data.external.this"
          ]
        }
      ]
    },
    {
      "module": "module.tf_next.module.next_image[0].module.api_gateway",
      "mode": "managed",
      "type": "aws_apigatewayv2_stage",
      "name": "default",
      "provider": "provider[\"registry.terraform.io/hashicorp/aws\"]",
      "instances": [
        {
          "index_key": 0,
          "schema_version": 0,
          "attributes": {
            "access_log_settings": [],
            "api_id": "hkgr7vvikk",
            "arn": "arn:aws:apigateway:us-east-1::/apis/hkgr7vvikk/stages/$default",
            "auto_deploy": true,
            "client_certificate_id": "",
            "default_route_settings": [
              {
                "data_trace_enabled": false,
                "detailed_metrics_enabled": false,
                "logging_level": "",
                "throttling_burst_limit": 0,
                "throttling_rate_limit": 0
              }
            ],
            "deployment_id": "kgcnvh",
            "description": "",
            "execution_arn": "arn:aws:execute-api:us-east-1:654918520080:hkgr7vvikk/$default",
            "id": "$default",
            "invoke_url": "https://hkgr7vvikk.execute-api.us-east-1.amazonaws.com/",
            "name": "$default",
            "route_settings": [],
            "stage_variables": {},
            "tags": {},
            "tags_all": {}
          },
          "sensitive_attributes": [],
          "private": "bnVsbA==",
          "dependencies": [
            "module.tf_next.module.next_image.module.api_gateway.aws_apigatewayv2_api.this"
          ]
        }
      ]
    },
    {
      "module": "module.tf_next.module.next_image[0].module.image_optimizer",
      "mode": "data",
      "type": "aws_iam_policy_document",
      "name": "assume_role",
      "provider": "provider[\"registry.terraform.io/hashicorp/aws\"]",
      "instances": [
        {
          "index_key": 0,
          "schema_version": 0,
          "attributes": {
            "id": "3693445097",
            "json": "{\n  \"Version\": \"2012-10-17\",\n  \"Statement\": [\n    {\n      \"Sid\": \"\",\n      \"Effect\": \"Allow\",\n      \"Action\": \"sts:AssumeRole\",\n      \"Principal\": {\n        \"Service\": \"lambda.amazonaws.com\"\n      }\n    }\n  ]\n}",
            "override_json": null,
            "override_policy_documents": null,
            "policy_id": null,
            "source_json": null,
            "source_policy_documents": null,
            "statement": [
              {
                "actions": [
                  "sts:AssumeRole"
                ],
                "condition": [],
                "effect": "Allow",
                "not_actions": [],
                "not_principals": [],
                "not_resources": [],
                "principals": [
                  {
                    "identifiers": [
                      "lambda.amazonaws.com"
                    ],
                    "type": "Service"
                  }
                ],
                "resources": [],
                "sid": ""
              }
            ],
            "version": "2012-10-17"
          },
          "sensitive_attributes": []
        }
      ]
    },
    {
      "module": "module.tf_next.module.next_image[0].module.image_optimizer",
      "mode": "data",
      "type": "aws_iam_policy_document",
      "name": "logs",
      "provider": "provider[\"registry.terraform.io/hashicorp/aws\"]",
      "instances": [
        {
          "index_key": 0,
          "schema_version": 0,
          "attributes": {
            "id": "3422209345",
            "json": "{\n  \"Version\": \"2012-10-17\",\n  \"Statement\": [\n    {\n      \"Sid\": \"\",\n      \"Effect\": \"Allow\",\n      \"Action\": [\n        \"logs:PutLogEvents\",\n        \"logs:CreateLogStream\",\n        \"logs:CreateLogGroup\"\n      ],\n      \"Resource\": [\n        \"arn:aws:logs:us-east-1:654918520080:log-group:/aws/lambda/harbor-centre-on-main-beta_tfn-image:*:*\",\n        \"arn:aws:logs:us-east-1:654918520080:log-group:/aws/lambda/harbor-centre-on-main-beta_tfn-image:*\"\n      ]\n    }\n  ]\n}",
            "override_json": null,
            "override_policy_documents": null,
            "policy_id": null,
            "source_json": null,
            "source_policy_documents": null,
            "statement": [
              {
                "actions": [
                  "logs:CreateLogGroup",
                  "logs:CreateLogStream",
                  "logs:PutLogEvents"
                ],
                "condition": [],
                "effect": "Allow",
                "not_actions": [],
                "not_principals": [],
                "not_resources": [],
                "principals": [],
                "resources": [
                  "arn:aws:logs:us-east-1:654918520080:log-group:/aws/lambda/harbor-centre-on-main-beta_tfn-image:*",
                  "arn:aws:logs:us-east-1:654918520080:log-group:/aws/lambda/harbor-centre-on-main-beta_tfn-image:*:*"
                ],
                "sid": ""
              }
            ],
            "version": "2012-10-17"
          },
          "sensitive_attributes": []
        }
      ]
    },
    {
      "module": "module.tf_next.module.next_image[0].module.image_optimizer",
      "mode": "managed",
      "type": "aws_cloudwatch_log_group",
      "name": "lambda",
      "provider": "provider[\"registry.terraform.io/hashicorp/aws\"]",
      "instances": [
        {
          "index_key": 0,
          "schema_version": 0,
          "attributes": {
            "arn": "arn:aws:logs:us-east-1:654918520080:log-group:/aws/lambda/harbor-centre-on-main-beta_tfn-image",
            "id": "/aws/lambda/harbor-centre-on-main-beta_tfn-image",
            "kms_key_id": "",
            "name": "/aws/lambda/harbor-centre-on-main-beta_tfn-image",
            "name_prefix": null,
            "retention_in_days": 30,
            "tags": {},
            "tags_all": {}
          },
          "sensitive_attributes": [],
          "private": "bnVsbA=="
        }
      ]
    },
    {
      "module": "module.tf_next.module.next_image[0].module.image_optimizer",
      "mode": "managed",
      "type": "aws_iam_policy",
      "name": "additional_json",
      "provider": "provider[\"registry.terraform.io/hashicorp/aws\"]",
      "instances": [
        {
          "index_key": 0,
          "schema_version": 0,
          "attributes": {
            "arn": "arn:aws:iam::654918520080:policy/harbor-centre-on-main-beta_tfn-image",
            "description": "",
            "id": "arn:aws:iam::654918520080:policy/harbor-centre-on-main-beta_tfn-image",
            "name": "harbor-centre-on-main-beta_tfn-image",
            "name_prefix": null,
            "path": "/",
            "policy": "{\n  \"Version\": \"2012-10-17\",\n  \"Statement\": [\n    {\n      \"Sid\": \"\",\n      \"Effect\": \"Allow\",\n      \"Action\": \"s3:GetObject\",\n      \"Resource\": \"arn:aws:s3:::harbor-centre-on-main-beta-tfn-static20211130012639420700000005/*\"\n    }\n  ]\n}",
            "policy_id": "ANPAZQ7BPRUIJD7JHRRBM",
            "tags": {},
            "tags_all": {}
          },
          "sensitive_attributes": [],
          "private": "bnVsbA==",
          "dependencies": [
            "module.tf_next.data.aws_iam_policy_document.access_static_deployment",
            "module.tf_next.module.statics_deploy.aws_s3_bucket.static_deploy"
          ]
        }
      ]
    },
    {
      "module": "module.tf_next.module.next_image[0].module.image_optimizer",
      "mode": "managed",
      "type": "aws_iam_policy",
      "name": "logs",
      "provider": "provider[\"registry.terraform.io/hashicorp/aws\"]",
      "instances": [
        {
          "index_key": 0,
          "schema_version": 0,
          "attributes": {
            "arn": "arn:aws:iam::654918520080:policy/harbor-centre-on-main-beta_tfn-image-logs",
            "description": "",
            "id": "arn:aws:iam::654918520080:policy/harbor-centre-on-main-beta_tfn-image-logs",
            "name": "harbor-centre-on-main-beta_tfn-image-logs",
            "name_prefix": null,
            "path": "/",
            "policy": "{\n  \"Version\": \"2012-10-17\",\n  \"Statement\": [\n    {\n      \"Sid\": \"\",\n      \"Effect\": \"Allow\",\n      \"Action\": [\n        \"logs:PutLogEvents\",\n        \"logs:CreateLogStream\",\n        \"logs:CreateLogGroup\"\n      ],\n      \"Resource\": [\n        \"arn:aws:logs:us-east-1:654918520080:log-group:/aws/lambda/harbor-centre-on-main-beta_tfn-image:*:*\",\n        \"arn:aws:logs:us-east-1:654918520080:log-group:/aws/lambda/harbor-centre-on-main-beta_tfn-image:*\"\n      ]\n    }\n  ]\n}",
            "policy_id": "ANPAZQ7BPRUIDE5V447EP",
            "tags": {},
            "tags_all": {}
          },
          "sensitive_attributes": [],
          "private": "bnVsbA==",
          "dependencies": [
            "module.tf_next.module.next_image.module.image_optimizer.data.aws_cloudwatch_log_group.lambda",
            "module.tf_next.module.next_image.module.image_optimizer.data.aws_iam_policy_document.logs",
            "module.tf_next.module.next_image.module.image_optimizer.aws_cloudwatch_log_group.lambda",
            "module.tf_next.module.next_image.module.image_optimizer.data.aws_arn.log_group_arn"
          ]
        }
      ]
    },
    {
      "module": "module.tf_next.module.next_image[0].module.image_optimizer",
      "mode": "managed",
      "type": "aws_iam_role",
      "name": "lambda",
      "provider": "provider[\"registry.terraform.io/hashicorp/aws\"]",
      "instances": [
        {
          "index_key": 0,
          "schema_version": 0,
          "attributes": {
            "arn": "arn:aws:iam::654918520080:role/harbor-centre-on-main-beta_tfn-image",
            "assume_role_policy": "{\"Version\":\"2012-10-17\",\"Statement\":[{\"Sid\":\"\",\"Effect\":\"Allow\",\"Principal\":{\"Service\":\"lambda.amazonaws.com\"},\"Action\":\"sts:AssumeRole\"}]}",
            "create_date": "2021-11-30T01:26:40Z",
            "description": "",
            "force_detach_policies": true,
            "id": "harbor-centre-on-main-beta_tfn-image",
            "inline_policy": [
              {
                "name": "",
                "policy": ""
              }
            ],
            "managed_policy_arns": [
              "arn:aws:iam::654918520080:policy/harbor-centre-on-main-beta_tfn-image",
              "arn:aws:iam::654918520080:policy/harbor-centre-on-main-beta_tfn-image-logs"
            ],
            "max_session_duration": 3600,
            "name": "harbor-centre-on-main-beta_tfn-image",
            "name_prefix": "",
            "path": "/",
            "permissions_boundary": null,
            "tags": {},
            "tags_all": {},
            "unique_id": "AROAZQ7BPRUIKX4MJ42XD"
          },
          "sensitive_attributes": [],
          "private": "bnVsbA==",
          "dependencies": [
            "module.tf_next.module.next_image.module.image_optimizer.data.aws_iam_policy_document.assume_role"
          ]
        }
      ]
    },
    {
      "module": "module.tf_next.module.next_image[0].module.image_optimizer",
      "mode": "managed",
      "type": "aws_iam_role_policy_attachment",
      "name": "additional_json",
      "provider": "provider[\"registry.terraform.io/hashicorp/aws\"]",
      "instances": [
        {
          "index_key": 0,
          "schema_version": 0,
          "attributes": {
            "id": "harbor-centre-on-main-beta_tfn-image-2021113001264338090000000d",
            "policy_arn": "arn:aws:iam::654918520080:policy/harbor-centre-on-main-beta_tfn-image",
            "role": "harbor-centre-on-main-beta_tfn-image"
          },
          "sensitive_attributes": [],
          "private": "bnVsbA==",
          "dependencies": [
            "module.tf_next.data.aws_iam_policy_document.access_static_deployment",
            "module.tf_next.module.next_image.module.image_optimizer.aws_iam_policy.additional_json",
            "module.tf_next.module.next_image.module.image_optimizer.aws_iam_role.lambda",
            "module.tf_next.module.next_image.module.image_optimizer.data.aws_iam_policy_document.assume_role",
            "module.tf_next.module.statics_deploy.aws_s3_bucket.static_deploy"
          ]
        }
      ]
    },
    {
      "module": "module.tf_next.module.next_image[0].module.image_optimizer",
      "mode": "managed",
      "type": "aws_iam_role_policy_attachment",
      "name": "logs",
      "provider": "provider[\"registry.terraform.io/hashicorp/aws\"]",
      "instances": [
        {
          "index_key": 0,
          "schema_version": 0,
          "attributes": {
            "id": "harbor-centre-on-main-beta_tfn-image-2021113001264183960000000a",
            "policy_arn": "arn:aws:iam::654918520080:policy/harbor-centre-on-main-beta_tfn-image-logs",
            "role": "harbor-centre-on-main-beta_tfn-image"
          },
          "sensitive_attributes": [],
          "private": "bnVsbA==",
          "dependencies": [
            "module.tf_next.module.next_image.module.image_optimizer.aws_cloudwatch_log_group.lambda",
            "module.tf_next.module.next_image.module.image_optimizer.aws_iam_policy.logs",
            "module.tf_next.module.next_image.module.image_optimizer.aws_iam_role.lambda",
            "module.tf_next.module.next_image.module.image_optimizer.data.aws_arn.log_group_arn",
            "module.tf_next.module.next_image.module.image_optimizer.data.aws_cloudwatch_log_group.lambda",
            "module.tf_next.module.next_image.module.image_optimizer.data.aws_iam_policy_document.assume_role",
            "module.tf_next.module.next_image.module.image_optimizer.data.aws_iam_policy_document.logs"
          ]
        }
      ]
    },
    {
      "module": "module.tf_next.module.next_image[0].module.image_optimizer",
      "mode": "managed",
      "type": "aws_lambda_function",
      "name": "this",
      "provider": "provider[\"registry.terraform.io/hashicorp/aws\"]",
      "instances": [
        {
          "index_key": 0,
          "schema_version": 0,
          "attributes": {
            "architectures": [
              "x86_64"
            ],
            "arn": "arn:aws:lambda:us-east-1:654918520080:function:harbor-centre-on-main-beta_tfn-image",
            "code_signing_config_arn": "",
            "dead_letter_config": [],
            "description": "Managed by Terraform Next.js image optimizer",
            "environment": [
              {
                "variables": {
                  "NODE_ENV": "production",
                  "TF_NEXTIMAGE_DEVICE_SIZES": "[]",
                  "TF_NEXTIMAGE_DOMAINS": "[]",
                  "TF_NEXTIMAGE_FORMATS": "[\"image/webp\"]",
                  "TF_NEXTIMAGE_IMAGE_SIZES": "[640,750,828,1080,1200,1920,2048,3840,16,32,48,64,96,128,256,384]",
                  "TF_NEXTIMAGE_SOURCE_BUCKET": "harbor-centre-on-main-beta-tfn-static20211130012639420700000005"
                }
              }
            ],
            "file_system_config": [],
            "filename": "/Users/aaronsisler/Business/clients/harbor-centre/deployment/beta/.terraform/modules/tf_next.next_image.lambda_content/download/@millihq/tf-next-image-optimization/dist.zip",
            "function_name": "harbor-centre-on-main-beta_tfn-image",
            "handler": "handler.handler",
            "id": "harbor-centre-on-main-beta_tfn-image",
            "image_config": [],
            "image_uri": "",
            "invoke_arn": "arn:aws:apigateway:us-east-1:lambda:path/2015-03-31/functions/arn:aws:lambda:us-east-1:654918520080:function:harbor-centre-on-main-beta_tfn-image/invocations",
            "kms_key_arn": "",
            "last_modified": "2021-11-30T01:26:56.350+0000",
            "layers": [],
            "memory_size": 2048,
            "package_type": "Zip",
            "publish": true,
            "qualified_arn": "arn:aws:lambda:us-east-1:654918520080:function:harbor-centre-on-main-beta_tfn-image:1",
            "reserved_concurrent_executions": -1,
            "role": "arn:aws:iam::654918520080:role/harbor-centre-on-main-beta_tfn-image",
            "runtime": "nodejs14.x",
            "s3_bucket": null,
            "s3_key": null,
            "s3_object_version": null,
            "signing_job_arn": "",
            "signing_profile_version_arn": "",
            "source_code_hash": "UU5MMoKgzi+2ygjH4lQHaj+MAidVNofahK83STVRirc=",
            "source_code_size": 8507126,
            "tags": {},
            "tags_all": {},
            "timeout": 30,
            "timeouts": null,
            "tracing_config": [
              {
                "mode": "PassThrough"
              }
            ],
            "version": "1",
            "vpc_config": []
          },
          "sensitive_attributes": [],
          "private": "eyJlMmJmYjczMC1lY2FhLTExZTYtOGY4OC0zNDM2M2JjN2M0YzAiOnsiY3JlYXRlIjo2MDAwMDAwMDAwMDB9fQ==",
          "dependencies": [
            "module.tf_next.module.next_image.module.image_optimizer.data.external.archive_prepare",
            "module.tf_next.module.next_image.module.lambda_content.data.external.download",
            "module.tf_next.module.statics_deploy.aws_s3_bucket.static_deploy",
            "module.tf_next.module.next_image.module.image_optimizer.aws_s3_bucket_object.lambda_package",
            "module.tf_next.module.next_image.module.image_optimizer.data.aws_iam_policy_document.assume_role",
            "module.tf_next.module.next_image.module.image_optimizer.local_file.archive_plan",
            "module.tf_next.module.next_image.module.image_optimizer.null_resource.archive",
            "module.tf_next.module.next_image.module.lambda_content.data.external.this",
            "module.tf_next.module.next_image.module.image_optimizer.aws_cloudwatch_log_group.lambda",
            "module.tf_next.module.next_image.module.image_optimizer.aws_iam_role.lambda"
          ]
        }
      ]
    },
    {
      "module": "module.tf_next.module.next_image[0].module.image_optimizer",
      "mode": "managed",
      "type": "aws_lambda_permission",
      "name": "current_version_triggers",
      "provider": "provider[\"registry.terraform.io/hashicorp/aws\"]",
      "instances": [
        {
          "index_key": "AllowExecutionFromAPIGateway",
          "schema_version": 0,
          "attributes": {
            "action": "lambda:InvokeFunction",
            "event_source_token": null,
            "function_name": "harbor-centre-on-main-beta_tfn-image",
            "id": "AllowExecutionFromAPIGateway",
            "principal": "apigateway.amazonaws.com",
            "qualifier": "1",
            "source_account": null,
            "source_arn": null,
            "statement_id": "AllowExecutionFromAPIGateway",
            "statement_id_prefix": null
          },
          "sensitive_attributes": [],
          "private": "bnVsbA==",
          "dependencies": [
            "module.tf_next.module.next_image.module.image_optimizer.local_file.archive_plan",
            "module.tf_next.module.next_image.module.image_optimizer.null_resource.archive",
            "module.tf_next.module.next_image.module.lambda_content.data.external.this",
            "module.tf_next.module.statics_deploy.aws_s3_bucket.static_deploy",
            "module.tf_next.module.next_image.module.image_optimizer.aws_lambda_function.this",
            "module.tf_next.module.next_image.module.image_optimizer.aws_s3_bucket_object.lambda_package",
            "module.tf_next.module.next_image.module.image_optimizer.data.external.archive_prepare",
            "module.tf_next.module.next_image.module.image_optimizer.data.aws_iam_policy_document.assume_role",
            "module.tf_next.module.next_image.module.lambda_content.data.external.download",
            "module.tf_next.module.next_image.module.api_gateway.aws_apigatewayv2_api.this",
            "module.tf_next.module.next_image.module.image_optimizer.aws_cloudwatch_log_group.lambda",
            "module.tf_next.module.next_image.module.image_optimizer.aws_iam_role.lambda"
          ]
        }
      ]
    },
    {
      "module": "module.tf_next.module.next_image[0].module.image_optimizer",
      "mode": "managed",
      "type": "aws_lambda_permission",
      "name": "unqualified_alias_triggers",
      "provider": "provider[\"registry.terraform.io/hashicorp/aws\"]",
      "instances": [
        {
          "index_key": "AllowExecutionFromAPIGateway",
          "schema_version": 0,
          "attributes": {
            "action": "lambda:InvokeFunction",
            "event_source_token": null,
            "function_name": "harbor-centre-on-main-beta_tfn-image",
            "id": "AllowExecutionFromAPIGateway",
            "principal": "apigateway.amazonaws.com",
            "qualifier": "",
            "source_account": null,
            "source_arn": null,
            "statement_id": "AllowExecutionFromAPIGateway",
            "statement_id_prefix": null
          },
          "sensitive_attributes": [],
          "private": "bnVsbA==",
          "dependencies": [
            "module.tf_next.module.next_image.module.image_optimizer.null_resource.archive",
            "module.tf_next.module.next_image.module.api_gateway.aws_apigatewayv2_api.this",
            "module.tf_next.module.next_image.module.image_optimizer.aws_cloudwatch_log_group.lambda",
            "module.tf_next.module.next_image.module.image_optimizer.aws_lambda_function.this",
            "module.tf_next.module.next_image.module.image_optimizer.aws_s3_bucket_object.lambda_package",
            "module.tf_next.module.next_image.module.image_optimizer.data.aws_iam_policy_document.assume_role",
            "module.tf_next.module.next_image.module.image_optimizer.data.external.archive_prepare",
            "module.tf_next.module.next_image.module.image_optimizer.local_file.archive_plan",
            "module.tf_next.module.next_image.module.lambda_content.data.external.download",
            "module.tf_next.module.next_image.module.image_optimizer.aws_iam_role.lambda",
            "module.tf_next.module.next_image.module.lambda_content.data.external.this",
            "module.tf_next.module.statics_deploy.aws_s3_bucket.static_deploy"
          ]
        }
      ]
    },
    {
      "module": "module.tf_next.module.next_image[0].module.lambda_content",
      "mode": "data",
      "type": "external",
      "name": "download",
      "provider": "provider[\"registry.terraform.io/hashicorp/external\"]",
      "instances": [
        {
          "index_key": 0,
          "schema_version": 0,
          "attributes": {
            "id": "-",
            "program": [
              "bash",
              ".terraform/modules/tf_next.next_image.lambda_content/download.sh",
              "https://cdn.jsdelivr.net/npm/@millihq/tf-next-image-optimization@12.0.0/dist.zip",
              ".terraform/modules/tf_next.next_image.lambda_content/download/@millihq/tf-next-image-optimization/dist.zip"
            ],
            "query": null,
            "result": {
              "path": ".terraform/modules/tf_next.next_image.lambda_content/download/@millihq/tf-next-image-optimization/dist.zip"
            },
            "working_dir": null
          },
          "sensitive_attributes": []
        }
      ]
    },
    {
      "module": "module.tf_next.module.proxy.module.edge_proxy",
      "mode": "data",
      "type": "aws_arn",
      "name": "log_group_arn",
      "provider": "provider[\"registry.terraform.io/hashicorp/aws\"].global_region",
      "instances": [
        {
          "index_key": 0,
          "schema_version": 0,
          "attributes": {
            "account": "654918520080",
            "arn": "arn:aws:logs:us-east-1:654918520080:log-group:/aws/lambda/us-east-1.harbor-centre-on-main-beta_tfn-proxy",
            "id": "arn:aws:logs:us-east-1:654918520080:log-group:/aws/lambda/us-east-1.harbor-centre-on-main-beta_tfn-proxy",
            "partition": "aws",
            "region": "us-east-1",
            "resource": "log-group:/aws/lambda/us-east-1.harbor-centre-on-main-beta_tfn-proxy",
            "service": "logs"
          },
          "sensitive_attributes": []
        }
      ]
    },
    {
      "module": "module.tf_next.module.proxy.module.edge_proxy",
      "mode": "data",
      "type": "aws_iam_policy_document",
      "name": "assume_role",
      "provider": "provider[\"registry.terraform.io/hashicorp/aws\"].global_region",
      "instances": [
        {
          "index_key": 0,
          "schema_version": 0,
          "attributes": {
            "id": "3454655979",
            "json": "{\n  \"Version\": \"2012-10-17\",\n  \"Statement\": [\n    {\n      \"Sid\": \"\",\n      \"Effect\": \"Allow\",\n      \"Action\": \"sts:AssumeRole\",\n      \"Principal\": {\n        \"Service\": [\n          \"lambda.amazonaws.com\",\n          \"edgelambda.amazonaws.com\"\n        ]\n      }\n    }\n  ]\n}",
            "override_json": null,
            "override_policy_documents": null,
            "policy_id": null,
            "source_json": null,
            "source_policy_documents": null,
            "statement": [
              {
                "actions": [
                  "sts:AssumeRole"
                ],
                "condition": [],
                "effect": "Allow",
                "not_actions": [],
                "not_principals": [],
                "not_resources": [],
                "principals": [
                  {
                    "identifiers": [
                      "edgelambda.amazonaws.com",
                      "lambda.amazonaws.com"
                    ],
                    "type": "Service"
                  }
                ],
                "resources": [],
                "sid": ""
              }
            ],
            "version": "2012-10-17"
          },
          "sensitive_attributes": []
        }
      ]
    },
    {
      "module": "module.tf_next.module.proxy.module.edge_proxy",
      "mode": "data",
      "type": "aws_iam_policy_document",
      "name": "logs",
      "provider": "provider[\"registry.terraform.io/hashicorp/aws\"].global_region",
      "instances": [
        {
          "index_key": 0,
          "schema_version": 0,
          "attributes": {
            "id": "4204060436",
            "json": "{\n  \"Version\": \"2012-10-17\",\n  \"Statement\": [\n    {\n      \"Sid\": \"\",\n      \"Effect\": \"Allow\",\n      \"Action\": [\n        \"logs:PutLogEvents\",\n        \"logs:CreateLogStream\",\n        \"logs:CreateLogGroup\"\n      ],\n      \"Resource\": [\n        \"arn:aws:logs:*:654918520080:log-group:/aws/lambda/us-east-1.harbor-centre-on-main-beta_tfn-proxy:*:*\",\n        \"arn:aws:logs:*:654918520080:log-group:/aws/lambda/us-east-1.harbor-centre-on-main-beta_tfn-proxy:*\"\n      ]\n    }\n  ]\n}",
            "override_json": null,
            "override_policy_documents": null,
            "policy_id": null,
            "source_json": null,
            "source_policy_documents": null,
            "statement": [
              {
                "actions": [
                  "logs:CreateLogGroup",
                  "logs:CreateLogStream",
                  "logs:PutLogEvents"
                ],
                "condition": [],
                "effect": "Allow",
                "not_actions": [],
                "not_principals": [],
                "not_resources": [],
                "principals": [],
                "resources": [
                  "arn:aws:logs:*:654918520080:log-group:/aws/lambda/us-east-1.harbor-centre-on-main-beta_tfn-proxy:*",
                  "arn:aws:logs:*:654918520080:log-group:/aws/lambda/us-east-1.harbor-centre-on-main-beta_tfn-proxy:*:*"
                ],
                "sid": ""
              }
            ],
            "version": "2012-10-17"
          },
          "sensitive_attributes": []
        }
      ]
    },
    {
      "module": "module.tf_next.module.proxy.module.edge_proxy",
      "mode": "managed",
      "type": "aws_cloudwatch_log_group",
      "name": "lambda",
      "provider": "provider[\"registry.terraform.io/hashicorp/aws\"].global_region",
      "instances": [
        {
          "index_key": 0,
          "schema_version": 0,
          "attributes": {
            "arn": "arn:aws:logs:us-east-1:654918520080:log-group:/aws/lambda/us-east-1.harbor-centre-on-main-beta_tfn-proxy",
            "id": "/aws/lambda/us-east-1.harbor-centre-on-main-beta_tfn-proxy",
            "kms_key_id": "",
            "name": "/aws/lambda/us-east-1.harbor-centre-on-main-beta_tfn-proxy",
            "name_prefix": null,
            "retention_in_days": 30,
            "tags": {},
            "tags_all": {}
          },
          "sensitive_attributes": [],
          "private": "bnVsbA=="
        }
      ]
    },
    {
      "module": "module.tf_next.module.proxy.module.edge_proxy",
      "mode": "managed",
      "type": "aws_iam_policy",
      "name": "logs",
      "provider": "provider[\"registry.terraform.io/hashicorp/aws\"].global_region",
      "instances": [
        {
          "index_key": 0,
          "schema_version": 0,
          "attributes": {
            "arn": "arn:aws:iam::654918520080:policy/harbor-centre-on-main-beta_tfn-proxy-logs",
            "description": "",
            "id": "arn:aws:iam::654918520080:policy/harbor-centre-on-main-beta_tfn-proxy-logs",
            "name": "harbor-centre-on-main-beta_tfn-proxy-logs",
            "name_prefix": null,
            "path": "/",
            "policy": "{\n  \"Version\": \"2012-10-17\",\n  \"Statement\": [\n    {\n      \"Sid\": \"\",\n      \"Effect\": \"Allow\",\n      \"Action\": [\n        \"logs:PutLogEvents\",\n        \"logs:CreateLogStream\",\n        \"logs:CreateLogGroup\"\n      ],\n      \"Resource\": [\n        \"arn:aws:logs:*:654918520080:log-group:/aws/lambda/us-east-1.harbor-centre-on-main-beta_tfn-proxy:*:*\",\n        \"arn:aws:logs:*:654918520080:log-group:/aws/lambda/us-east-1.harbor-centre-on-main-beta_tfn-proxy:*\"\n      ]\n    }\n  ]\n}",
            "policy_id": "ANPAZQ7BPRUIJRDLSTLZG",
            "tags": {},
            "tags_all": {}
          },
          "sensitive_attributes": [],
          "private": "bnVsbA==",
          "dependencies": [
            "module.tf_next.module.proxy.module.edge_proxy.aws_cloudwatch_log_group.lambda",
            "module.tf_next.module.proxy.module.edge_proxy.data.aws_arn.log_group_arn",
            "module.tf_next.module.proxy.module.edge_proxy.data.aws_cloudwatch_log_group.lambda",
            "module.tf_next.module.proxy.module.edge_proxy.data.aws_iam_policy_document.logs"
          ]
        }
      ]
    },
    {
      "module": "module.tf_next.module.proxy.module.edge_proxy",
      "mode": "managed",
      "type": "aws_iam_policy_attachment",
      "name": "logs",
      "provider": "provider[\"registry.terraform.io/hashicorp/aws\"].global_region",
      "instances": [
        {
          "index_key": 0,
          "schema_version": 0,
          "attributes": {
            "groups": [],
            "id": "harbor-centre-on-main-beta_tfn-proxy-logs",
            "name": "harbor-centre-on-main-beta_tfn-proxy-logs",
            "policy_arn": "arn:aws:iam::654918520080:policy/harbor-centre-on-main-beta_tfn-proxy-logs",
            "roles": [
              "harbor-centre-on-main-beta_tfn-proxy"
            ],
            "users": []
          },
          "sensitive_attributes": [],
          "private": "bnVsbA==",
          "dependencies": [
            "module.tf_next.module.proxy.module.edge_proxy.aws_iam_role.lambda",
            "module.tf_next.module.proxy.module.edge_proxy.data.aws_arn.log_group_arn",
            "module.tf_next.module.proxy.module.edge_proxy.data.aws_cloudwatch_log_group.lambda",
            "module.tf_next.module.proxy.module.edge_proxy.data.aws_iam_policy_document.assume_role",
            "module.tf_next.module.proxy.module.edge_proxy.data.aws_iam_policy_document.logs",
            "module.tf_next.module.proxy.module.edge_proxy.aws_cloudwatch_log_group.lambda",
            "module.tf_next.module.proxy.module.edge_proxy.aws_iam_policy.logs"
          ]
        }
      ]
    },
    {
      "module": "module.tf_next.module.proxy.module.edge_proxy",
      "mode": "managed",
      "type": "aws_iam_role",
      "name": "lambda",
      "provider": "provider[\"registry.terraform.io/hashicorp/aws\"].global_region",
      "instances": [
        {
          "index_key": 0,
          "schema_version": 0,
          "attributes": {
            "arn": "arn:aws:iam::654918520080:role/harbor-centre-on-main-beta_tfn-proxy",
            "assume_role_policy": "{\"Version\":\"2012-10-17\",\"Statement\":[{\"Sid\":\"\",\"Effect\":\"Allow\",\"Principal\":{\"Service\":[\"lambda.amazonaws.com\",\"edgelambda.amazonaws.com\"]},\"Action\":\"sts:AssumeRole\"}]}",
            "create_date": "2021-11-30T01:26:40Z",
            "description": "",
            "force_detach_policies": true,
            "id": "harbor-centre-on-main-beta_tfn-proxy",
            "inline_policy": [
              {
                "name": "",
                "policy": ""
              }
            ],
            "managed_policy_arns": [
              "arn:aws:iam::654918520080:policy/harbor-centre-on-main-beta_tfn-proxy-logs"
            ],
            "max_session_duration": 3600,
            "name": "harbor-centre-on-main-beta_tfn-proxy",
            "name_prefix": "",
            "path": "/",
            "permissions_boundary": null,
            "tags": {},
            "tags_all": {},
            "unique_id": "AROAZQ7BPRUIGVF2F4GQE"
          },
          "sensitive_attributes": [],
          "private": "bnVsbA==",
          "dependencies": [
            "module.tf_next.module.proxy.module.edge_proxy.data.aws_iam_policy_document.assume_role"
          ]
        }
      ]
    },
    {
      "module": "module.tf_next.module.proxy.module.edge_proxy",
      "mode": "managed",
      "type": "aws_lambda_function",
      "name": "this",
      "provider": "provider[\"registry.terraform.io/hashicorp/aws\"].global_region",
      "instances": [
        {
          "index_key": 0,
          "schema_version": 0,
          "attributes": {
            "architectures": [
              "x86_64"
            ],
            "arn": "arn:aws:lambda:us-east-1:654918520080:function:harbor-centre-on-main-beta_tfn-proxy",
            "code_signing_config_arn": "",
            "dead_letter_config": [],
            "description": "Managed by Terraform Next.js",
            "environment": [],
            "file_system_config": [],
            "filename": "/Users/aaronsisler/Business/clients/harbor-centre/deployment/beta/.terraform/modules/tf_next.proxy.proxy_package/download/@millihq/terraform-next-proxy/dist.zip",
            "function_name": "harbor-centre-on-main-beta_tfn-proxy",
            "handler": "handler.handler",
            "id": "harbor-centre-on-main-beta_tfn-proxy",
            "image_config": [],
            "image_uri": "",
            "invoke_arn": "arn:aws:apigateway:us-east-1:lambda:path/2015-03-31/functions/arn:aws:lambda:us-east-1:654918520080:function:harbor-centre-on-main-beta_tfn-proxy/invocations",
            "kms_key_arn": "",
            "last_modified": "2021-11-30T01:26:49.959+0000",
            "layers": [],
            "memory_size": 128,
            "package_type": "Zip",
            "publish": true,
            "qualified_arn": "arn:aws:lambda:us-east-1:654918520080:function:harbor-centre-on-main-beta_tfn-proxy:1",
            "reserved_concurrent_executions": -1,
            "role": "arn:aws:iam::654918520080:role/harbor-centre-on-main-beta_tfn-proxy",
            "runtime": "nodejs14.x",
            "s3_bucket": null,
            "s3_key": null,
            "s3_object_version": null,
            "signing_job_arn": "",
            "signing_profile_version_arn": "",
            "source_code_hash": "82jtpw8BXUKtAHxbNx9/CyDpixRsPcUEkK2F5iVQM0k=",
            "source_code_size": 33503,
            "tags": {},
            "tags_all": {},
            "timeout": 3,
            "timeouts": null,
            "tracing_config": [
              {
                "mode": "PassThrough"
              }
            ],
            "version": "1",
            "vpc_config": []
          },
          "sensitive_attributes": [],
          "private": "eyJlMmJmYjczMC1lY2FhLTExZTYtOGY4OC0zNDM2M2JjN2M0YzAiOnsiY3JlYXRlIjo2MDAwMDAwMDAwMDB9fQ==",
          "dependencies": [
            "module.tf_next.module.proxy.module.edge_proxy.aws_iam_role.lambda",
            "module.tf_next.module.proxy.module.edge_proxy.aws_s3_bucket_object.lambda_package",
            "module.tf_next.module.proxy.module.edge_proxy.data.aws_iam_policy_document.assume_role",
            "module.tf_next.module.proxy.module.edge_proxy.local_file.archive_plan",
            "module.tf_next.module.proxy.module.proxy_package.data.external.download",
            "module.tf_next.module.proxy.module.proxy_package.data.external.this",
            "module.tf_next.module.proxy.module.edge_proxy.aws_cloudwatch_log_group.lambda",
            "module.tf_next.module.proxy.module.edge_proxy.data.external.archive_prepare",
            "module.tf_next.module.proxy.module.edge_proxy.null_resource.archive"
          ]
        }
      ]
    },
    {
      "module": "module.tf_next.module.proxy.module.proxy_package",
      "mode": "data",
      "type": "external",
      "name": "download",
      "provider": "provider[\"registry.terraform.io/hashicorp/external\"]",
      "instances": [
        {
          "index_key": 0,
          "schema_version": 0,
          "attributes": {
            "id": "-",
            "program": [
              "bash",
              ".terraform/modules/tf_next.proxy.proxy_package/download.sh",
              "https://cdn.jsdelivr.net/npm/@millihq/terraform-next-proxy@0.10.2/dist.zip",
              ".terraform/modules/tf_next.proxy.proxy_package/download/@millihq/terraform-next-proxy/dist.zip"
            ],
            "query": null,
            "result": {
              "path": ".terraform/modules/tf_next.proxy.proxy_package/download/@millihq/terraform-next-proxy/dist.zip"
            },
            "working_dir": null
          },
          "sensitive_attributes": []
        }
      ]
    },
    {
      "module": "module.tf_next.module.proxy_config",
      "mode": "data",
      "type": "aws_cloudfront_cache_policy",
      "name": "managed_caching_optimized_for_uncompressed_objects",
      "provider": "provider[\"registry.terraform.io/hashicorp/aws\"]",
      "instances": [
        {
          "schema_version": 0,
          "attributes": {
            "comment": "Default policy when compression is disabled",
            "default_ttl": 86400,
            "etag": "E23ZP02F085DFQ",
            "id": "b2884449-e4de-46a7-ac36-70bc7f1ddd6d",
            "max_ttl": 31536000,
            "min_ttl": 1,
            "name": "Managed-CachingOptimizedForUncompressedObjects",
            "parameters_in_cache_key_and_forwarded_to_origin": [
              {
                "cookies_config": [
                  {
                    "cookie_behavior": "none",
                    "cookies": []
                  }
                ],
                "enable_accept_encoding_brotli": false,
                "enable_accept_encoding_gzip": false,
                "headers_config": [
                  {
                    "header_behavior": "none",
                    "headers": []
                  }
                ],
                "query_strings_config": [
                  {
                    "query_string_behavior": "none",
                    "query_strings": []
                  }
                ]
              }
            ]
          },
          "sensitive_attributes": []
        }
      ]
    },
    {
      "module": "module.tf_next.module.proxy_config",
      "mode": "data",
      "type": "aws_cloudfront_origin_request_policy",
      "name": "managed_cors_s3_origin",
      "provider": "provider[\"registry.terraform.io/hashicorp/aws\"]",
      "instances": [
        {
          "schema_version": 0,
          "attributes": {
            "comment": "Policy for S3 origin with CORS",
            "cookies_config": [
              {
                "cookie_behavior": "none",
                "cookies": []
              }
            ],
            "etag": "E23ZP02F085DFQ",
            "headers_config": [
              {
                "header_behavior": "whitelist",
                "headers": [
                  {
                    "items": [
                      "access-control-request-headers",
                      "access-control-request-method",
                      "origin"
                    ]
                  }
                ]
              }
            ],
            "id": "88a5eaf4-2fd4-4709-b370-b4c650ea3fcf",
            "name": "Managed-CORS-S3Origin",
            "query_strings_config": [
              {
                "query_string_behavior": "none",
                "query_strings": []
              }
            ]
          },
          "sensitive_attributes": []
        }
      ]
    },
    {
      "module": "module.tf_next.module.proxy_config",
      "mode": "data",
      "type": "aws_iam_policy_document",
      "name": "cf_access",
      "provider": "provider[\"registry.terraform.io/hashicorp/aws\"]",
      "instances": [
        {
          "schema_version": 0,
          "attributes": {
            "id": "3987488394",
            "json": "{\n  \"Version\": \"2012-10-17\",\n  \"Statement\": [\n    {\n      \"Sid\": \"\",\n      \"Effect\": \"Allow\",\n      \"Action\": \"s3:GetObject\",\n      \"Resource\": \"arn:aws:s3:::harbor-centre-on-main-beta-tfn-config20211130012639417200000003/*\",\n      \"Principal\": {\n        \"AWS\": \"arn:aws:iam::cloudfront:user/CloudFront Origin Access Identity EKQU5B8J2D51R\"\n      }\n    }\n  ]\n}",
            "override_json": null,
            "override_policy_documents": null,
            "policy_id": null,
            "source_json": null,
            "source_policy_documents": null,
            "statement": [
              {
                "actions": [
                  "s3:GetObject"
                ],
                "condition": [],
                "effect": "Allow",
                "not_actions": [],
                "not_principals": [],
                "not_resources": [],
                "principals": [
                  {
                    "identifiers": [
                      "arn:aws:iam::cloudfront:user/CloudFront Origin Access Identity EKQU5B8J2D51R"
                    ],
                    "type": "AWS"
                  }
                ],
                "resources": [
                  "arn:aws:s3:::harbor-centre-on-main-beta-tfn-config20211130012639417200000003/*"
                ],
                "sid": ""
              }
            ],
            "version": "2012-10-17"
          },
          "sensitive_attributes": []
        }
      ]
    },
    {
      "module": "module.tf_next.module.proxy_config",
      "mode": "managed",
      "type": "aws_cloudfront_distribution",
      "name": "distribution",
      "provider": "provider[\"registry.terraform.io/hashicorp/aws\"]",
      "instances": [
        {
          "schema_version": 1,
          "attributes": {
            "aliases": [],
            "arn": "arn:aws:cloudfront::654918520080:distribution/E1VL1M36J0SF0M",
            "caller_reference": "terraform-2021113001264269480000000b",
            "comment": "harbor-centre-on-main-beta - Proxy-Config",
            "custom_error_response": [],
            "default_cache_behavior": [
              {
                "allowed_methods": [
                  "GET",
                  "HEAD"
                ],
                "cache_policy_id": "b2884449-e4de-46a7-ac36-70bc7f1ddd6d",
                "cached_methods": [
                  "GET",
                  "HEAD"
                ],
                "compress": false,
                "default_ttl": 0,
                "field_level_encryption_id": "",
                "forwarded_values": [],
                "function_association": [],
                "lambda_function_association": [],
                "max_ttl": 0,
                "min_ttl": 0,
                "origin_request_policy_id": "88a5eaf4-2fd4-4709-b370-b4c650ea3fcf",
                "realtime_log_config_arn": "",
                "response_headers_policy_id": "",
                "smooth_streaming": false,
                "target_origin_id": "S3-Proxy-Config-harbor-centre-on-main-beta-tfn-config20211130012639417200000003",
                "trusted_key_groups": [],
                "trusted_signers": [],
                "viewer_protocol_policy": "allow-all"
              }
            ],
            "default_root_object": "",
            "domain_name": "dtmqf14cn8u80.cloudfront.net",
            "enabled": true,
            "etag": "E2OGGLN02XSJPC",
            "hosted_zone_id": "Z2FDTNDATAQYW2",
            "http_version": "http2",
            "id": "E1VL1M36J0SF0M",
            "in_progress_validation_batches": 0,
            "is_ipv6_enabled": true,
            "last_modified_time": "2021-11-30 01:26:42.877 +0000 UTC",
            "logging_config": [],
            "ordered_cache_behavior": [],
            "origin": [
              {
                "connection_attempts": 3,
                "connection_timeout": 10,
                "custom_header": [],
                "custom_origin_config": [],
                "domain_name": "harbor-centre-on-main-beta-tfn-config20211130012639417200000003.s3.amazonaws.com",
                "origin_id": "S3-Proxy-Config-harbor-centre-on-main-beta-tfn-config20211130012639417200000003",
                "origin_path": "",
                "origin_shield": [],
                "s3_origin_config": [
                  {
                    "origin_access_identity": "origin-access-identity/cloudfront/EKQU5B8J2D51R"
                  }
                ]
              }
            ],
            "origin_group": [],
            "price_class": "PriceClass_100",
            "restrictions": [
              {
                "geo_restriction": [
                  {
                    "locations": [],
                    "restriction_type": "none"
                  }
                ]
              }
            ],
            "retain_on_delete": false,
            "status": "Deployed",
            "tags": {},
            "tags_all": {},
            "trusted_key_groups": [
              {
                "enabled": false,
                "items": []
              }
            ],
            "trusted_signers": [
              {
                "enabled": false,
                "items": []
              }
            ],
            "viewer_certificate": [
              {
                "acm_certificate_arn": "",
                "cloudfront_default_certificate": true,
                "iam_certificate_id": "",
                "minimum_protocol_version": "TLSv1",
                "ssl_support_method": ""
              }
            ],
            "wait_for_deployment": true,
            "web_acl_id": ""
          },
          "sensitive_attributes": [],
          "private": "eyJzY2hlbWFfdmVyc2lvbiI6IjEifQ==",
          "dependencies": [
            "module.tf_next.module.proxy_config.aws_cloudfront_origin_access_identity.this",
            "module.tf_next.module.proxy_config.aws_s3_bucket.proxy_config_store",
            "module.tf_next.module.proxy_config.data.aws_cloudfront_cache_policy.managed_caching_optimized_for_uncompressed_objects",
            "module.tf_next.module.proxy_config.data.aws_cloudfront_origin_request_policy.managed_cors_s3_origin"
          ]
        }
      ]
    },
    {
      "module": "module.tf_next.module.proxy_config",
      "mode": "managed",
      "type": "aws_cloudfront_origin_access_identity",
      "name": "this",
      "provider": "provider[\"registry.terraform.io/hashicorp/aws\"]",
      "instances": [
        {
          "schema_version": 0,
          "attributes": {
            "caller_reference": "terraform-20211130012641672700000009",
            "cloudfront_access_identity_path": "origin-access-identity/cloudfront/EKQU5B8J2D51R",
            "comment": "S3 CloudFront access harbor-centre-on-main-beta-tfn-config20211130012639417200000003",
            "etag": "E1TNCPJPNKLUNP",
            "iam_arn": "arn:aws:iam::cloudfront:user/CloudFront Origin Access Identity EKQU5B8J2D51R",
            "id": "EKQU5B8J2D51R",
            "s3_canonical_user_id": "bf9821915178b3e088ed4b5d55e8a4582dac1fbf4e50edf388169a6ce7273947392e06d934972f3c9e6ec35e162d3111"
          },
          "sensitive_attributes": [],
          "private": "bnVsbA==",
          "dependencies": [
            "module.tf_next.module.proxy_config.aws_s3_bucket.proxy_config_store"
          ]
        }
      ]
    },
    {
      "module": "module.tf_next.module.proxy_config",
      "mode": "managed",
      "type": "aws_s3_bucket",
      "name": "proxy_config_store",
      "provider": "provider[\"registry.terraform.io/hashicorp/aws\"]",
      "instances": [
        {
          "schema_version": 0,
          "attributes": {
            "acceleration_status": "",
            "acl": "private",
            "arn": "arn:aws:s3:::harbor-centre-on-main-beta-tfn-config20211130012639417200000003",
            "bucket": "harbor-centre-on-main-beta-tfn-config20211130012639417200000003",
            "bucket_domain_name": "harbor-centre-on-main-beta-tfn-config20211130012639417200000003.s3.amazonaws.com",
            "bucket_prefix": "harbor-centre-on-main-beta-tfn-config",
            "bucket_regional_domain_name": "harbor-centre-on-main-beta-tfn-config20211130012639417200000003.s3.amazonaws.com",
            "cors_rule": [],
            "force_destroy": true,
            "grant": [],
            "hosted_zone_id": "Z3AQBSTGFYJSTF",
            "id": "harbor-centre-on-main-beta-tfn-config20211130012639417200000003",
            "lifecycle_rule": [],
            "logging": [],
            "object_lock_configuration": [],
            "policy": null,
            "region": "us-east-1",
            "replication_configuration": [],
            "request_payer": "BucketOwner",
            "server_side_encryption_configuration": [],
            "tags": {},
            "tags_all": {},
            "versioning": [
              {
                "enabled": false,
                "mfa_delete": false
              }
            ],
            "website": [],
            "website_domain": null,
            "website_endpoint": null
          },
          "sensitive_attributes": [],
          "private": "bnVsbA=="
        }
      ]
    },
    {
      "module": "module.tf_next.module.proxy_config",
      "mode": "managed",
      "type": "aws_s3_bucket_object",
      "name": "config_json",
      "provider": "provider[\"registry.terraform.io/hashicorp/aws\"]",
      "instances": [
        {
          "schema_version": 0,
          "attributes": {
            "acl": "private",
            "bucket": "harbor-centre-on-main-beta-tfn-config20211130012639417200000003",
            "bucket_key_enabled": false,
            "cache_control": "max-age=900",
            "content": "{\"lambdaRoutes\":[],\"prerenders\":{},\"routes\":[{\"continue\":true,\"headers\":{\"Location\":\"/$1\"},\"src\":\"^(?:\\\\/((?:[^\\\\/]+?)(?:\\\\/(?:[^\\\\/]+?))*))\\\\/$\",\"status\":308},{\"continue\":true,\"src\":\"/404\",\"status\":404},{\"handle\":\"filesystem\"},{\"handle\":\"resource\"},{\"src\":\"/.*\",\"status\":404},{\"handle\":\"miss\"},{\"handle\":\"rewrite\"},{\"handle\":\"hit\"},{\"handle\":\"error\"},{\"dest\":\"/404\",\"src\":\"/.*\",\"status\":404}],\"staticRoutes\":[\"/404\",\"/500\",\"/contact\",\"/floorplans\",\"/index\",\"/main-street\",\"/privacy-policy\",\"/tenants\"]}",
            "content_base64": null,
            "content_disposition": "",
            "content_encoding": "",
            "content_language": "",
            "content_type": "application/json",
            "etag": "9fff92f140f8d707285c273ced3ec020",
            "force_destroy": false,
            "id": "proxy-config.json",
            "key": "proxy-config.json",
            "kms_key_id": null,
            "metadata": {},
            "object_lock_legal_hold_status": "",
            "object_lock_mode": "",
            "object_lock_retain_until_date": "",
            "server_side_encryption": "",
            "source": null,
            "source_hash": null,
            "storage_class": "STANDARD",
            "tags": {},
            "tags_all": {},
            "version_id": "",
            "website_redirect": ""
          },
          "sensitive_attributes": [],
          "private": "bnVsbA==",
          "dependencies": [
            "module.tf_next.module.proxy_config.aws_s3_bucket.proxy_config_store"
          ]
        }
      ]
    },
    {
      "module": "module.tf_next.module.proxy_config",
      "mode": "managed",
      "type": "aws_s3_bucket_policy",
      "name": "proxy_config_store_origin_access",
      "provider": "provider[\"registry.terraform.io/hashicorp/aws\"]",
      "instances": [
        {
          "schema_version": 0,
          "attributes": {
            "bucket": "harbor-centre-on-main-beta-tfn-config20211130012639417200000003",
            "id": "harbor-centre-on-main-beta-tfn-config20211130012639417200000003",
            "policy": "{\"Version\":\"2012-10-17\",\"Statement\":[{\"Sid\":\"\",\"Effect\":\"Allow\",\"Principal\":{\"AWS\":\"arn:aws:iam::cloudfront:user/CloudFront Origin Access Identity EKQU5B8J2D51R\"},\"Action\":\"s3:GetObject\",\"Resource\":\"arn:aws:s3:::harbor-centre-on-main-beta-tfn-config20211130012639417200000003/*\"}]}"
          },
          "sensitive_attributes": [],
          "private": "bnVsbA==",
          "dependencies": [
            "module.tf_next.module.proxy_config.aws_s3_bucket.proxy_config_store",
            "module.tf_next.module.proxy_config.data.aws_iam_policy_document.cf_access",
            "module.tf_next.module.proxy_config.aws_cloudfront_origin_access_identity.this"
          ]
        }
      ]
    },
    {
      "module": "module.tf_next.module.statics_deploy",
      "mode": "data",
      "type": "aws_iam_policy_document",
      "name": "access_sqs_queue",
      "provider": "provider[\"registry.terraform.io/hashicorp/aws\"]",
      "instances": [
        {
          "schema_version": 0,
          "attributes": {
            "id": "1723380037",
            "json": "{\n  \"Version\": \"2012-10-17\",\n  \"Statement\": [\n    {\n      \"Sid\": \"\",\n      \"Effect\": \"Allow\",\n      \"Action\": [\n        \"sqs:SendMessage\",\n        \"sqs:ReceiveMessage\",\n        \"sqs:GetQueueUrl\",\n        \"sqs:GetQueueAttributes\",\n        \"sqs:DeleteMessage\",\n        \"sqs:ChangeMessageVisibility\"\n      ],\n      \"Resource\": \"arn:aws:sqs:us-east-1:654918520080:harbor-centre-on-main-beta20211130012639415800000002\"\n    }\n  ]\n}",
            "override_json": null,
            "override_policy_documents": null,
            "policy_id": null,
            "source_json": null,
            "source_policy_documents": null,
            "statement": [
              {
                "actions": [
                  "sqs:ChangeMessageVisibility",
                  "sqs:DeleteMessage",
                  "sqs:GetQueueAttributes",
                  "sqs:GetQueueUrl",
                  "sqs:ReceiveMessage",
                  "sqs:SendMessage"
                ],
                "condition": [],
                "effect": "Allow",
                "not_actions": [],
                "not_principals": [],
                "not_resources": [],
                "principals": [],
                "resources": [
                  "arn:aws:sqs:us-east-1:654918520080:harbor-centre-on-main-beta20211130012639415800000002"
                ],
                "sid": ""
              }
            ],
            "version": "2012-10-17"
          },
          "sensitive_attributes": []
        }
      ]
    },
    {
      "module": "module.tf_next.module.statics_deploy",
      "mode": "data",
      "type": "aws_iam_policy_document",
      "name": "access_static_deploy",
      "provider": "provider[\"registry.terraform.io/hashicorp/aws\"]",
      "instances": [
        {
          "schema_version": 0,
          "attributes": {
            "id": "522779217",
            "json": "{\n  \"Version\": \"2012-10-17\",\n  \"Statement\": [\n    {\n      \"Sid\": \"\",\n      \"Effect\": \"Allow\",\n      \"Action\": [\n        \"s3:PutObjectTagging\",\n        \"s3:PutObject\",\n        \"s3:ListBucket\",\n        \"s3:GetObjectTagging\",\n        \"s3:GetObject\",\n        \"s3:DeleteObject\"\n      ],\n      \"Resource\": [\n        \"arn:aws:s3:::harbor-centre-on-main-beta-tfn-static20211130012639420700000005/*\",\n        \"arn:aws:s3:::harbor-centre-on-main-beta-tfn-static20211130012639420700000005\"\n      ]\n    },\n    {\n      \"Sid\": \"\",\n      \"Effect\": \"Allow\",\n      \"Action\": \"cloudfront:CreateInvalidation\",\n      \"Resource\": \"arn:aws:cloudfront::654918520080:distribution/E3PHC6SVQGANOW\"\n    }\n  ]\n}",
            "override_json": null,
            "override_policy_documents": null,
            "policy_id": null,
            "source_json": null,
            "source_policy_documents": null,
            "statement": [
              {
                "actions": [
                  "s3:DeleteObject",
                  "s3:GetObject",
                  "s3:GetObjectTagging",
                  "s3:ListBucket",
                  "s3:PutObject",
                  "s3:PutObjectTagging"
                ],
                "condition": [],
                "effect": "Allow",
                "not_actions": [],
                "not_principals": [],
                "not_resources": [],
                "principals": [],
                "resources": [
                  "arn:aws:s3:::harbor-centre-on-main-beta-tfn-static20211130012639420700000005",
                  "arn:aws:s3:::harbor-centre-on-main-beta-tfn-static20211130012639420700000005/*"
                ],
                "sid": ""
              },
              {
                "actions": [
                  "cloudfront:CreateInvalidation"
                ],
                "condition": [],
                "effect": "Allow",
                "not_actions": [],
                "not_principals": [],
                "not_resources": [],
                "principals": [],
                "resources": [
                  "arn:aws:cloudfront::654918520080:distribution/E3PHC6SVQGANOW"
                ],
                "sid": ""
              }
            ],
            "version": "2012-10-17"
          },
          "sensitive_attributes": []
        }
      ]
    },
    {
      "module": "module.tf_next.module.statics_deploy",
      "mode": "data",
      "type": "aws_iam_policy_document",
      "name": "access_static_upload",
      "provider": "provider[\"registry.terraform.io/hashicorp/aws\"]",
      "instances": [
        {
          "schema_version": 0,
          "attributes": {
            "id": "4170419919",
            "json": "{\n  \"Version\": \"2012-10-17\",\n  \"Statement\": [\n    {\n      \"Sid\": \"\",\n      \"Effect\": \"Allow\",\n      \"Action\": [\n        \"s3:GetObjectVersion\",\n        \"s3:GetObject\",\n        \"s3:DeleteObjectVersion\",\n        \"s3:DeleteObject\"\n      ],\n      \"Resource\": \"arn:aws:s3:::harbor-centre-on-main-beta-tfn-deploy20211130012639420600000004/*\"\n    }\n  ]\n}",
            "override_json": null,
            "override_policy_documents": null,
            "policy_id": null,
            "source_json": null,
            "source_policy_documents": null,
            "statement": [
              {
                "actions": [
                  "s3:DeleteObject",
                  "s3:DeleteObjectVersion",
                  "s3:GetObject",
                  "s3:GetObjectVersion"
                ],
                "condition": [],
                "effect": "Allow",
                "not_actions": [],
                "not_principals": [],
                "not_resources": [],
                "principals": [],
                "resources": [
                  "arn:aws:s3:::harbor-centre-on-main-beta-tfn-deploy20211130012639420600000004/*"
                ],
                "sid": ""
              }
            ],
            "version": "2012-10-17"
          },
          "sensitive_attributes": []
        }
      ]
    },
    {
      "module": "module.tf_next.module.statics_deploy",
      "mode": "data",
      "type": "aws_iam_policy_document",
      "name": "cf_access",
      "provider": "provider[\"registry.terraform.io/hashicorp/aws\"]",
      "instances": [
        {
          "schema_version": 0,
          "attributes": {
            "id": "1291053479",
            "json": "{\n  \"Version\": \"2012-10-17\",\n  \"Statement\": [\n    {\n      \"Sid\": \"\",\n      \"Effect\": \"Allow\",\n      \"Action\": \"s3:GetObject\",\n      \"Resource\": \"arn:aws:s3:::harbor-centre-on-main-beta-tfn-static20211130012639420700000005/*\",\n      \"Principal\": {\n        \"AWS\": \"arn:aws:iam::cloudfront:user/CloudFront Origin Access Identity E3AQEG1KIZWUV5\"\n      }\n    },\n    {\n      \"Sid\": \"\",\n      \"Effect\": \"Deny\",\n      \"Action\": \"s3:GetObject\",\n      \"Resource\": \"arn:aws:s3:::harbor-centre-on-main-beta-tfn-static20211130012639420700000005/_tf-next/deployment.json\",\n      \"Principal\": {\n        \"AWS\": \"arn:aws:iam::cloudfront:user/CloudFront Origin Access Identity E3AQEG1KIZWUV5\"\n      }\n    }\n  ]\n}",
            "override_json": null,
            "override_policy_documents": null,
            "policy_id": null,
            "source_json": null,
            "source_policy_documents": null,
            "statement": [
              {
                "actions": [
                  "s3:GetObject"
                ],
                "condition": [],
                "effect": "Allow",
                "not_actions": [],
                "not_principals": [],
                "not_resources": [],
                "principals": [
                  {
                    "identifiers": [
                      "arn:aws:iam::cloudfront:user/CloudFront Origin Access Identity E3AQEG1KIZWUV5"
                    ],
                    "type": "AWS"
                  }
                ],
                "resources": [
                  "arn:aws:s3:::harbor-centre-on-main-beta-tfn-static20211130012639420700000005/*"
                ],
                "sid": ""
              },
              {
                "actions": [
                  "s3:GetObject"
                ],
                "condition": [],
                "effect": "Deny",
                "not_actions": [],
                "not_principals": [],
                "not_resources": [],
                "principals": [
                  {
                    "identifiers": [
                      "arn:aws:iam::cloudfront:user/CloudFront Origin Access Identity E3AQEG1KIZWUV5"
                    ],
                    "type": "AWS"
                  }
                ],
                "resources": [
                  "arn:aws:s3:::harbor-centre-on-main-beta-tfn-static20211130012639420700000005/_tf-next/deployment.json"
                ],
                "sid": ""
              }
            ],
            "version": "2012-10-17"
          },
          "sensitive_attributes": []
        }
      ]
    },
    {
      "module": "module.tf_next.module.statics_deploy",
      "mode": "data",
      "type": "aws_iam_policy_document",
      "name": "sqs_queue",
      "provider": "provider[\"registry.terraform.io/hashicorp/aws\"]",
      "instances": [
        {
          "schema_version": 0,
          "attributes": {
            "id": "186955071",
            "json": "{\n  \"Version\": \"2012-10-17\",\n  \"Statement\": [\n    {\n      \"Sid\": \"\",\n      \"Effect\": \"Allow\",\n      \"Action\": \"sqs:SendMessage\",\n      \"Resource\": \"arn:aws:lambda:us-east-1:654918520080:function:harbor-centre-on-main-beta_tfn-deploy\",\n      \"Principal\": {\n        \"AWS\": \"*\"\n      },\n      \"Condition\": {\n        \"ArnEquals\": {\n          \"aws:SourceArn\": [\n            \"arn:aws:sns:us-east-1:654918520080:harbor-centre-on-main-beta20211130012639480900000007\",\n            \"arn:aws:lambda:us-east-1:654918520080:function:harbor-centre-on-main-beta_tfn-deploy\"\n          ]\n        }\n      }\n    }\n  ]\n}",
            "override_json": null,
            "override_policy_documents": null,
            "policy_id": null,
            "source_json": null,
            "source_policy_documents": null,
            "statement": [
              {
                "actions": [
                  "sqs:SendMessage"
                ],
                "condition": [
                  {
                    "test": "ArnEquals",
                    "values": [
                      "arn:aws:sns:us-east-1:654918520080:harbor-centre-on-main-beta20211130012639480900000007",
                      "arn:aws:lambda:us-east-1:654918520080:function:harbor-centre-on-main-beta_tfn-deploy"
                    ],
                    "variable": "aws:SourceArn"
                  }
                ],
                "effect": "Allow",
                "not_actions": [],
                "not_principals": [],
                "not_resources": [],
                "principals": [
                  {
                    "identifiers": [
                      "*"
                    ],
                    "type": "AWS"
                  }
                ],
                "resources": [
                  "arn:aws:lambda:us-east-1:654918520080:function:harbor-centre-on-main-beta_tfn-deploy"
                ],
                "sid": ""
              }
            ],
            "version": "2012-10-17"
          },
          "sensitive_attributes": []
        }
      ]
    },
    {
      "module": "module.tf_next.module.statics_deploy",
      "mode": "managed",
      "type": "aws_cloudfront_origin_access_identity",
      "name": "this",
      "provider": "provider[\"registry.terraform.io/hashicorp/aws\"]",
      "instances": [
        {
          "schema_version": 0,
          "attributes": {
            "caller_reference": "terraform-2021113001264272680000000c",
            "cloudfront_access_identity_path": "origin-access-identity/cloudfront/E3AQEG1KIZWUV5",
            "comment": "S3 CloudFront access harbor-centre-on-main-beta-tfn-static20211130012639420700000005",
            "etag": "E2OV3HL5F6596E",
            "iam_arn": "arn:aws:iam::cloudfront:user/CloudFront Origin Access Identity E3AQEG1KIZWUV5",
            "id": "E3AQEG1KIZWUV5",
            "s3_canonical_user_id": "36d9ff886d277ef7bcc377f31f04b0d0ea3e5f0072c67944950fd47895df5cca3d44b8d26ac62c8373ce3f4e35bf0242"
          },
          "sensitive_attributes": [],
          "private": "bnVsbA==",
          "dependencies": [
            "module.tf_next.module.statics_deploy.aws_s3_bucket.static_deploy"
          ]
        }
      ]
    },
    {
      "module": "module.tf_next.module.statics_deploy",
      "mode": "managed",
      "type": "aws_s3_bucket",
      "name": "static_deploy",
      "provider": "provider[\"registry.terraform.io/hashicorp/aws\"]",
      "instances": [
        {
          "schema_version": 0,
          "attributes": {
            "acceleration_status": "",
            "acl": "private",
            "arn": "arn:aws:s3:::harbor-centre-on-main-beta-tfn-static20211130012639420700000005",
            "bucket": "harbor-centre-on-main-beta-tfn-static20211130012639420700000005",
            "bucket_domain_name": "harbor-centre-on-main-beta-tfn-static20211130012639420700000005.s3.amazonaws.com",
            "bucket_prefix": "harbor-centre-on-main-beta-tfn-static",
            "bucket_regional_domain_name": "harbor-centre-on-main-beta-tfn-static20211130012639420700000005.s3.amazonaws.com",
            "cors_rule": [],
            "force_destroy": true,
            "grant": [],
            "hosted_zone_id": "Z3AQBSTGFYJSTF",
            "id": "harbor-centre-on-main-beta-tfn-static20211130012639420700000005",
            "lifecycle_rule": [
              {
                "abort_incomplete_multipart_upload_days": 0,
                "enabled": true,
                "expiration": [
                  {
                    "date": "",
                    "days": 30,
                    "expired_object_delete_marker": false
                  }
                ],
                "id": "Expire static assets",
                "noncurrent_version_expiration": [],
                "noncurrent_version_transition": [],
                "prefix": "",
                "tags": {
                  "tfnextExpire": "true"
                },
                "transition": []
              }
            ],
            "logging": [],
            "object_lock_configuration": [],
            "policy": null,
            "region": "us-east-1",
            "replication_configuration": [],
            "request_payer": "BucketOwner",
            "server_side_encryption_configuration": [],
            "tags": {},
            "tags_all": {},
            "versioning": [
              {
                "enabled": false,
                "mfa_delete": false
              }
            ],
            "website": [],
            "website_domain": null,
            "website_endpoint": null
          },
          "sensitive_attributes": [],
          "private": "bnVsbA=="
        }
      ]
    },
    {
      "module": "module.tf_next.module.statics_deploy",
      "mode": "managed",
      "type": "aws_s3_bucket",
      "name": "static_upload",
      "provider": "provider[\"registry.terraform.io/hashicorp/aws\"]",
      "instances": [
        {
          "schema_version": 0,
          "attributes": {
            "acceleration_status": "",
            "acl": "private",
            "arn": "arn:aws:s3:::harbor-centre-on-main-beta-tfn-deploy20211130012639420600000004",
            "bucket": "harbor-centre-on-main-beta-tfn-deploy20211130012639420600000004",
            "bucket_domain_name": "harbor-centre-on-main-beta-tfn-deploy20211130012639420600000004.s3.amazonaws.com",
            "bucket_prefix": "harbor-centre-on-main-beta-tfn-deploy",
            "bucket_regional_domain_name": "harbor-centre-on-main-beta-tfn-deploy20211130012639420600000004.s3.amazonaws.com",
            "cors_rule": [],
            "force_destroy": true,
            "grant": [],
            "hosted_zone_id": "Z3AQBSTGFYJSTF",
            "id": "harbor-centre-on-main-beta-tfn-deploy20211130012639420600000004",
            "lifecycle_rule": [],
            "logging": [],
            "object_lock_configuration": [],
            "policy": null,
            "region": "us-east-1",
            "replication_configuration": [],
            "request_payer": "BucketOwner",
            "server_side_encryption_configuration": [],
            "tags": {},
            "tags_all": {},
            "versioning": [
              {
                "enabled": true,
                "mfa_delete": false
              }
            ],
            "website": [],
            "website_domain": null,
            "website_endpoint": null
          },
          "sensitive_attributes": [],
          "private": "bnVsbA=="
        }
      ]
    },
    {
      "module": "module.tf_next.module.statics_deploy",
      "mode": "managed",
      "type": "aws_s3_bucket_notification",
      "name": "on_create",
      "provider": "provider[\"registry.terraform.io/hashicorp/aws\"]",
      "instances": [
        {
          "schema_version": 0,
          "attributes": {
            "bucket": "harbor-centre-on-main-beta-tfn-deploy20211130012639420600000004",
            "id": "harbor-centre-on-main-beta-tfn-deploy20211130012639420600000004",
            "lambda_function": [
              {
                "events": [
                  "s3:ObjectCreated:*"
                ],
                "filter_prefix": "",
                "filter_suffix": "",
                "id": "tf-s3-lambda-20211130013437080900000001",
                "lambda_function_arn": "arn:aws:lambda:us-east-1:654918520080:function:harbor-centre-on-main-beta_tfn-deploy"
              }
            ],
            "queue": [],
            "topic": []
          },
          "sensitive_attributes": [],
          "private": "bnVsbA==",
          "dependencies": [
            "module.tf_next.module.api_gateway.aws_apigatewayv2_api.this",
            "module.tf_next.module.proxy.module.edge_proxy.null_resource.archive",
            "module.tf_next.module.statics_deploy.module.deploy_trigger.null_resource.archive",
            "module.tf_next.module.statics_deploy.module.lambda_content.data.external.this",
            "module.cloudfront_cert.aws_acm_certificate.this",
            "module.tf_next.data.aws_cloudfront_cache_policy.managed_caching_optimized",
            "module.tf_next.data.aws_cloudfront_origin_request_policy.managed_cors_s3_origin",
            "module.tf_next.module.statics_deploy.module.deploy_trigger.aws_lambda_function.this",
            "module.tf_next.module.proxy.module.edge_proxy.aws_cloudwatch_log_group.lambda",
            "module.tf_next.module.statics_deploy.aws_s3_bucket.static_deploy",
            "module.tf_next.module.statics_deploy.aws_s3_bucket.static_upload",
            "module.tf_next.module.proxy.module.edge_proxy.data.aws_iam_policy_document.assume_role",
            "module.tf_next.module.proxy_config.data.aws_cloudfront_cache_policy.managed_caching_optimized_for_uncompressed_objects",
            "module.tf_next.module.statics_deploy.module.deploy_trigger.data.external.archive_prepare",
            "module.tf_next.aws_cloudfront_cache_policy.this",
            "module.tf_next.module.next_image.aws_cloudfront_origin_request_policy.this",
            "module.tf_next.module.proxy.module.edge_proxy.aws_lambda_function.this",
            "module.tf_next.module.proxy_config.aws_cloudfront_distribution.distribution",
            "module.tf_next.module.statics_deploy.module.deploy_trigger.aws_cloudwatch_log_group.lambda",
            "module.cloudfront_cert.aws_route53_record.validation",
            "module.tf_next.data.aws_cloudfront_origin_request_policy.managed_all_viewer",
            "module.tf_next.module.proxy.module.proxy_package.data.external.this",
            "module.tf_next.module.proxy_config.aws_s3_bucket.proxy_config_store",
            "module.tf_next.module.statics_deploy.aws_cloudfront_origin_access_identity.this",
            "module.tf_next.module.statics_deploy.aws_sqs_queue.this",
            "module.tf_next.module.statics_deploy.module.deploy_trigger.aws_s3_bucket_object.lambda_package",
            "module.tf_next.module.statics_deploy.module.deploy_trigger.data.aws_iam_policy_document.assume_role",
            "data.aws_route53_zone.custom_domain_zone",
            "module.cloudfront_cert.aws_acm_certificate_validation.this",
            "module.tf_next.module.proxy.module.edge_proxy.data.external.archive_prepare",
            "module.tf_next.module.statics_deploy.module.lambda_content.data.external.download",
            "module.tf_next.module.next_image.module.api_gateway.aws_apigatewayv2_api.this",
            "module.tf_next.module.cloudfront_main.aws_cloudfront_distribution.distribution",
            "module.tf_next.module.next_image.data.aws_region.current",
            "module.tf_next.module.proxy_config.data.aws_cloudfront_origin_request_policy.managed_cors_s3_origin",
            "module.tf_next.module.proxy.module.edge_proxy.local_file.archive_plan",
            "module.tf_next.module.proxy.module.proxy_package.data.external.download",
            "module.tf_next.module.proxy_config.aws_cloudfront_origin_access_identity.this",
            "module.tf_next.module.statics_deploy.module.deploy_trigger.aws_iam_role.lambda",
            "module.tf_next.module.statics_deploy.module.deploy_trigger.local_file.archive_plan",
            "module.tf_next.module.next_image.aws_cloudfront_cache_policy.this",
            "module.tf_next.module.proxy.module.edge_proxy.aws_iam_role.lambda",
            "module.tf_next.module.proxy.module.edge_proxy.aws_s3_bucket_object.lambda_package"
          ]
        }
      ]
    },
    {
      "module": "module.tf_next.module.statics_deploy",
      "mode": "managed",
      "type": "aws_s3_bucket_policy",
      "name": "origin_access",
      "provider": "provider[\"registry.terraform.io/hashicorp/aws\"]",
      "instances": [
        {
          "schema_version": 0,
          "attributes": {
            "bucket": "harbor-centre-on-main-beta-tfn-static20211130012639420700000005",
            "id": "harbor-centre-on-main-beta-tfn-static20211130012639420700000005",
            "policy": "{\"Version\":\"2012-10-17\",\"Statement\":[{\"Sid\":\"\",\"Effect\":\"Allow\",\"Principal\":{\"AWS\":\"arn:aws:iam::cloudfront:user/CloudFront Origin Access Identity E3AQEG1KIZWUV5\"},\"Action\":\"s3:GetObject\",\"Resource\":\"arn:aws:s3:::harbor-centre-on-main-beta-tfn-static20211130012639420700000005/*\"},{\"Sid\":\"\",\"Effect\":\"Deny\",\"Principal\":{\"AWS\":\"arn:aws:iam::cloudfront:user/CloudFront Origin Access Identity E3AQEG1KIZWUV5\"},\"Action\":\"s3:GetObject\",\"Resource\":\"arn:aws:s3:::harbor-centre-on-main-beta-tfn-static20211130012639420700000005/_tf-next/deployment.json\"}]}"
          },
          "sensitive_attributes": [],
          "private": "bnVsbA==",
          "dependencies": [
            "module.tf_next.module.statics_deploy.aws_cloudfront_origin_access_identity.this",
            "module.tf_next.module.statics_deploy.aws_s3_bucket.static_deploy",
            "module.tf_next.module.statics_deploy.data.aws_iam_policy_document.cf_access"
          ]
        }
      ]
    },
    {
      "module": "module.tf_next.module.statics_deploy",
      "mode": "managed",
      "type": "aws_sns_topic",
      "name": "this",
      "provider": "provider[\"registry.terraform.io/hashicorp/aws\"]",
      "instances": [
        {
          "schema_version": 0,
          "attributes": {
            "application_failure_feedback_role_arn": "",
            "application_success_feedback_role_arn": "",
            "application_success_feedback_sample_rate": null,
            "arn": "arn:aws:sns:us-east-1:654918520080:harbor-centre-on-main-beta20211130012639480900000007",
            "content_based_deduplication": false,
            "delivery_policy": "",
            "display_name": "",
            "fifo_topic": false,
            "firehose_failure_feedback_role_arn": "",
            "firehose_success_feedback_role_arn": "",
            "firehose_success_feedback_sample_rate": null,
            "http_failure_feedback_role_arn": "",
            "http_success_feedback_role_arn": "",
            "http_success_feedback_sample_rate": null,
            "id": "arn:aws:sns:us-east-1:654918520080:harbor-centre-on-main-beta20211130012639480900000007",
            "kms_master_key_id": "",
            "lambda_failure_feedback_role_arn": "",
            "lambda_success_feedback_role_arn": "",
            "lambda_success_feedback_sample_rate": null,
            "name": "harbor-centre-on-main-beta20211130012639480900000007",
            "name_prefix": "harbor-centre-on-main-beta",
            "owner": "654918520080",
            "policy": "{\"Version\":\"2008-10-17\",\"Id\":\"__default_policy_ID\",\"Statement\":[{\"Sid\":\"__default_statement_ID\",\"Effect\":\"Allow\",\"Principal\":{\"AWS\":\"*\"},\"Action\":[\"SNS:GetTopicAttributes\",\"SNS:SetTopicAttributes\",\"SNS:AddPermission\",\"SNS:RemovePermission\",\"SNS:DeleteTopic\",\"SNS:Subscribe\",\"SNS:ListSubscriptionsByTopic\",\"SNS:Publish\"],\"Resource\":\"arn:aws:sns:us-east-1:654918520080:harbor-centre-on-main-beta20211130012639480900000007\",\"Condition\":{\"StringEquals\":{\"AWS:SourceOwner\":\"654918520080\"}}}]}",
            "sqs_failure_feedback_role_arn": "",
            "sqs_success_feedback_role_arn": "",
            "sqs_success_feedback_sample_rate": null,
            "tags": {},
            "tags_all": {}
          },
          "sensitive_attributes": [],
          "private": "bnVsbA=="
        }
      ]
    },
    {
      "module": "module.tf_next.module.statics_deploy",
      "mode": "managed",
      "type": "aws_sns_topic_subscription",
      "name": "this",
      "provider": "provider[\"registry.terraform.io/hashicorp/aws\"]",
      "instances": [
        {
          "schema_version": 0,
          "attributes": {
            "arn": "arn:aws:sns:us-east-1:654918520080:harbor-centre-on-main-beta20211130012639480900000007:70953e75-11b1-4429-8afc-6bdd5101be39",
            "confirmation_timeout_in_minutes": 1,
            "confirmation_was_authenticated": true,
            "delivery_policy": "",
            "endpoint": "arn:aws:sqs:us-east-1:654918520080:harbor-centre-on-main-beta20211130012639415800000002",
            "endpoint_auto_confirms": false,
            "filter_policy": "",
            "id": "arn:aws:sns:us-east-1:654918520080:harbor-centre-on-main-beta20211130012639480900000007:70953e75-11b1-4429-8afc-6bdd5101be39",
            "owner_id": "654918520080",
            "pending_confirmation": false,
            "protocol": "sqs",
            "raw_message_delivery": false,
            "redrive_policy": "",
            "subscription_role_arn": "",
            "topic_arn": "arn:aws:sns:us-east-1:654918520080:harbor-centre-on-main-beta20211130012639480900000007"
          },
          "sensitive_attributes": [],
          "private": "bnVsbA==",
          "dependencies": [
            "module.tf_next.module.statics_deploy.aws_sns_topic.this",
            "module.tf_next.module.statics_deploy.aws_sqs_queue.this"
          ]
        }
      ]
    },
    {
      "module": "module.tf_next.module.statics_deploy",
      "mode": "managed",
      "type": "aws_sqs_queue",
      "name": "this",
      "provider": "provider[\"registry.terraform.io/hashicorp/aws\"]",
      "instances": [
        {
          "schema_version": 0,
          "attributes": {
            "arn": "arn:aws:sqs:us-east-1:654918520080:harbor-centre-on-main-beta20211130012639415800000002",
            "content_based_deduplication": false,
            "deduplication_scope": "",
            "delay_seconds": 0,
            "fifo_queue": false,
            "fifo_throughput_limit": "",
            "id": "https://sqs.us-east-1.amazonaws.com/654918520080/harbor-centre-on-main-beta20211130012639415800000002",
            "kms_data_key_reuse_period_seconds": 300,
            "kms_master_key_id": "",
            "max_message_size": 262144,
            "message_retention_seconds": 86400,
            "name": "harbor-centre-on-main-beta20211130012639415800000002",
            "name_prefix": "harbor-centre-on-main-beta",
            "policy": "{\"Version\":\"2012-10-17\",\"Statement\":[{\"Sid\":\"\",\"Effect\":\"Allow\",\"Principal\":{\"AWS\":\"*\"},\"Action\":\"sqs:SendMessage\",\"Resource\":\"arn:aws:lambda:us-east-1:654918520080:function:harbor-centre-on-main-beta_tfn-deploy\",\"Condition\":{\"ArnEquals\":{\"aws:SourceArn\":[\"arn:aws:sns:us-east-1:654918520080:harbor-centre-on-main-beta20211130012639480900000007\",\"arn:aws:lambda:us-east-1:654918520080:function:harbor-centre-on-main-beta_tfn-deploy\"]}}}]}",
            "receive_wait_time_seconds": 10,
            "redrive_policy": "",
            "tags": {},
            "tags_all": {},
            "url": "https://sqs.us-east-1.amazonaws.com/654918520080/harbor-centre-on-main-beta20211130012639415800000002",
            "visibility_timeout_seconds": 360
          },
          "sensitive_attributes": [],
          "private": "bnVsbA=="
        }
      ]
    },
    {
      "module": "module.tf_next.module.statics_deploy",
      "mode": "managed",
      "type": "aws_sqs_queue_policy",
      "name": "this",
      "provider": "provider[\"registry.terraform.io/hashicorp/aws\"]",
      "instances": [
        {
          "schema_version": 1,
          "attributes": {
            "id": "https://sqs.us-east-1.amazonaws.com/654918520080/harbor-centre-on-main-beta20211130012639415800000002",
            "policy": "{\"Version\":\"2012-10-17\",\"Statement\":[{\"Sid\":\"\",\"Effect\":\"Allow\",\"Principal\":{\"AWS\":\"*\"},\"Action\":\"sqs:SendMessage\",\"Resource\":\"arn:aws:lambda:us-east-1:654918520080:function:harbor-centre-on-main-beta_tfn-deploy\",\"Condition\":{\"ArnEquals\":{\"aws:SourceArn\":[\"arn:aws:sns:us-east-1:654918520080:harbor-centre-on-main-beta20211130012639480900000007\",\"arn:aws:lambda:us-east-1:654918520080:function:harbor-centre-on-main-beta_tfn-deploy\"]}}}]}",
            "queue_url": "https://sqs.us-east-1.amazonaws.com/654918520080/harbor-centre-on-main-beta20211130012639415800000002"
          },
          "sensitive_attributes": [],
          "private": "eyJzY2hlbWFfdmVyc2lvbiI6IjEifQ==",
          "dependencies": [
            "module.tf_next.data.aws_cloudfront_cache_policy.managed_caching_optimized",
            "module.tf_next.data.aws_cloudfront_origin_request_policy.managed_all_viewer",
            "module.tf_next.module.next_image.data.aws_region.current",
            "module.tf_next.module.proxy_config.aws_cloudfront_origin_access_identity.this",
            "module.tf_next.module.proxy.module.edge_proxy.data.aws_iam_policy_document.assume_role",
            "module.tf_next.module.proxy_config.aws_cloudfront_distribution.distribution",
            "module.tf_next.module.next_image.aws_cloudfront_cache_policy.this",
            "module.tf_next.module.next_image.aws_cloudfront_origin_request_policy.this",
            "module.tf_next.module.next_image.module.api_gateway.aws_apigatewayv2_api.this",
            "module.tf_next.module.proxy.module.edge_proxy.null_resource.archive",
            "module.tf_next.module.statics_deploy.aws_sns_topic.this",
            "module.tf_next.module.statics_deploy.aws_sqs_queue.this",
            "module.tf_next.module.statics_deploy.module.deploy_trigger.null_resource.archive",
            "module.tf_next.data.aws_cloudfront_origin_request_policy.managed_cors_s3_origin",
            "module.tf_next.module.proxy.module.edge_proxy.aws_lambda_function.this",
            "module.tf_next.module.proxy.module.edge_proxy.local_file.archive_plan",
            "module.tf_next.module.proxy.module.proxy_package.data.external.download",
            "module.tf_next.module.proxy.module.proxy_package.data.external.this",
            "module.tf_next.module.statics_deploy.aws_s3_bucket.static_deploy",
            "module.tf_next.module.statics_deploy.module.lambda_content.data.external.download",
            "module.tf_next.module.proxy.module.edge_proxy.aws_cloudwatch_log_group.lambda",
            "module.tf_next.module.proxy.module.edge_proxy.aws_s3_bucket_object.lambda_package",
            "module.tf_next.module.proxy.module.edge_proxy.data.external.archive_prepare",
            "module.tf_next.module.statics_deploy.data.aws_iam_policy_document.sqs_queue",
            "module.tf_next.module.statics_deploy.module.deploy_trigger.aws_iam_role.lambda",
            "module.tf_next.module.statics_deploy.module.deploy_trigger.data.aws_iam_policy_document.assume_role",
            "module.tf_next.module.statics_deploy.module.deploy_trigger.local_file.archive_plan",
            "module.cloudfront_cert.aws_acm_certificate_validation.this",
            "module.tf_next.module.proxy_config.aws_s3_bucket.proxy_config_store",
            "module.tf_next.module.proxy_config.data.aws_cloudfront_cache_policy.managed_caching_optimized_for_uncompressed_objects",
            "module.tf_next.module.proxy_config.data.aws_cloudfront_origin_request_policy.managed_cors_s3_origin",
            "module.tf_next.module.statics_deploy.module.deploy_trigger.aws_s3_bucket_object.lambda_package",
            "module.tf_next.module.statics_deploy.module.deploy_trigger.data.external.archive_prepare",
            "module.tf_next.module.statics_deploy.module.lambda_content.data.external.this",
            "module.cloudfront_cert.aws_acm_certificate.this",
            "module.cloudfront_cert.aws_route53_record.validation",
            "module.tf_next.module.cloudfront_main.aws_cloudfront_distribution.distribution",
            "module.tf_next.module.proxy.module.edge_proxy.aws_iam_role.lambda",
            "module.tf_next.module.statics_deploy.aws_cloudfront_origin_access_identity.this",
            "data.aws_route53_zone.custom_domain_zone",
            "module.tf_next.aws_cloudfront_cache_policy.this",
            "module.tf_next.module.api_gateway.aws_apigatewayv2_api.this",
            "module.tf_next.module.statics_deploy.module.deploy_trigger.aws_cloudwatch_log_group.lambda",
            "module.tf_next.module.statics_deploy.module.deploy_trigger.aws_lambda_function.this"
          ]
        }
      ]
    },
    {
      "module": "module.tf_next.module.statics_deploy",
      "mode": "managed",
      "type": "null_resource",
      "name": "static_s3_upload",
      "provider": "provider[\"registry.terraform.io/hashicorp/null\"]",
      "instances": [
        {
          "index_key": 0,
          "schema_version": 0,
          "attributes": {
            "id": "3965612873975681106",
            "triggers": {
              "static_files_archive": "2f079e76543e85a121be812eb596909e"
            }
          },
          "sensitive_attributes": [],
          "private": "bnVsbA==",
          "dependencies": [
            "module.tf_next.module.statics_deploy.aws_s3_bucket.static_upload",
            "module.tf_next.module.statics_deploy.aws_s3_bucket_notification.on_create"
          ]
        }
      ]
    },
    {
      "module": "module.tf_next.module.statics_deploy.module.deploy_trigger",
      "mode": "data",
      "type": "aws_iam_policy_document",
      "name": "assume_role",
      "provider": "provider[\"registry.terraform.io/hashicorp/aws\"]",
      "instances": [
        {
          "index_key": 0,
          "schema_version": 0,
          "attributes": {
            "id": "3693445097",
            "json": "{\n  \"Version\": \"2012-10-17\",\n  \"Statement\": [\n    {\n      \"Sid\": \"\",\n      \"Effect\": \"Allow\",\n      \"Action\": \"sts:AssumeRole\",\n      \"Principal\": {\n        \"Service\": \"lambda.amazonaws.com\"\n      }\n    }\n  ]\n}",
            "override_json": null,
            "override_policy_documents": null,
            "policy_id": null,
            "source_json": null,
            "source_policy_documents": null,
            "statement": [
              {
                "actions": [
                  "sts:AssumeRole"
                ],
                "condition": [],
                "effect": "Allow",
                "not_actions": [],
                "not_principals": [],
                "not_resources": [],
                "principals": [
                  {
                    "identifiers": [
                      "lambda.amazonaws.com"
                    ],
                    "type": "Service"
                  }
                ],
                "resources": [],
                "sid": ""
              }
            ],
            "version": "2012-10-17"
          },
          "sensitive_attributes": []
        }
      ]
    },
    {
      "module": "module.tf_next.module.statics_deploy.module.deploy_trigger",
      "mode": "data",
      "type": "aws_iam_policy_document",
      "name": "logs",
      "provider": "provider[\"registry.terraform.io/hashicorp/aws\"]",
      "instances": [
        {
          "index_key": 0,
          "schema_version": 0,
          "attributes": {
            "id": "2078125554",
            "json": "{\n  \"Version\": \"2012-10-17\",\n  \"Statement\": [\n    {\n      \"Sid\": \"\",\n      \"Effect\": \"Allow\",\n      \"Action\": [\n        \"logs:PutLogEvents\",\n        \"logs:CreateLogStream\",\n        \"logs:CreateLogGroup\"\n      ],\n      \"Resource\": [\n        \"arn:aws:logs:us-east-1:654918520080:log-group:/aws/lambda/harbor-centre-on-main-beta_tfn-deploy:*:*\",\n        \"arn:aws:logs:us-east-1:654918520080:log-group:/aws/lambda/harbor-centre-on-main-beta_tfn-deploy:*\"\n      ]\n    }\n  ]\n}",
            "override_json": null,
            "override_policy_documents": null,
            "policy_id": null,
            "source_json": null,
            "source_policy_documents": null,
            "statement": [
              {
                "actions": [
                  "logs:CreateLogGroup",
                  "logs:CreateLogStream",
                  "logs:PutLogEvents"
                ],
                "condition": [],
                "effect": "Allow",
                "not_actions": [],
                "not_principals": [],
                "not_resources": [],
                "principals": [],
                "resources": [
                  "arn:aws:logs:us-east-1:654918520080:log-group:/aws/lambda/harbor-centre-on-main-beta_tfn-deploy:*",
                  "arn:aws:logs:us-east-1:654918520080:log-group:/aws/lambda/harbor-centre-on-main-beta_tfn-deploy:*:*"
                ],
                "sid": ""
              }
            ],
            "version": "2012-10-17"
          },
          "sensitive_attributes": []
        }
      ]
    },
    {
      "module": "module.tf_next.module.statics_deploy.module.deploy_trigger",
      "mode": "managed",
      "type": "aws_cloudwatch_log_group",
      "name": "lambda",
      "provider": "provider[\"registry.terraform.io/hashicorp/aws\"]",
      "instances": [
        {
          "index_key": 0,
          "schema_version": 0,
          "attributes": {
            "arn": "arn:aws:logs:us-east-1:654918520080:log-group:/aws/lambda/harbor-centre-on-main-beta_tfn-deploy",
            "id": "/aws/lambda/harbor-centre-on-main-beta_tfn-deploy",
            "kms_key_id": "",
            "name": "/aws/lambda/harbor-centre-on-main-beta_tfn-deploy",
            "name_prefix": null,
            "retention_in_days": 14,
            "tags": {},
            "tags_all": {}
          },
          "sensitive_attributes": [],
          "private": "bnVsbA=="
        }
      ]
    },
    {
      "module": "module.tf_next.module.statics_deploy.module.deploy_trigger",
      "mode": "managed",
      "type": "aws_iam_policy",
      "name": "additional_jsons",
      "provider": "provider[\"registry.terraform.io/hashicorp/aws\"]",
      "instances": [
        {
          "index_key": 0,
          "schema_version": 0,
          "attributes": {
            "arn": "arn:aws:iam::654918520080:policy/harbor-centre-on-main-beta_tfn-deploy-0",
            "description": "",
            "id": "arn:aws:iam::654918520080:policy/harbor-centre-on-main-beta_tfn-deploy-0",
            "name": "harbor-centre-on-main-beta_tfn-deploy-0",
            "name_prefix": null,
            "path": "/",
            "policy": "{\n  \"Version\": \"2012-10-17\",\n  \"Statement\": [\n    {\n      \"Sid\": \"\",\n      \"Effect\": \"Allow\",\n      \"Action\": [\n        \"s3:PutObjectTagging\",\n        \"s3:PutObject\",\n        \"s3:ListBucket\",\n        \"s3:GetObjectTagging\",\n        \"s3:GetObject\",\n        \"s3:DeleteObject\"\n      ],\n      \"Resource\": [\n        \"arn:aws:s3:::harbor-centre-on-main-beta-tfn-static20211130012639420700000005/*\",\n        \"arn:aws:s3:::harbor-centre-on-main-beta-tfn-static20211130012639420700000005\"\n      ]\n    },\n    {\n      \"Sid\": \"\",\n      \"Effect\": \"Allow\",\n      \"Action\": \"cloudfront:CreateInvalidation\",\n      \"Resource\": \"arn:aws:cloudfront::654918520080:distribution/E3PHC6SVQGANOW\"\n    }\n  ]\n}",
            "policy_id": "ANPAZQ7BPRUIN32HLM3YE",
            "tags": {},
            "tags_all": {}
          },
          "sensitive_attributes": [],
          "private": "bnVsbA==",
          "dependencies": [
            "module.cloudfront_cert.aws_route53_record.validation",
            "module.tf_next.module.statics_deploy.aws_sqs_queue.this",
            "module.tf_next.module.statics_deploy.data.aws_iam_policy_document.access_static_deploy",
            "module.tf_next.module.statics_deploy.data.aws_iam_policy_document.access_static_upload",
            "module.tf_next.module.cloudfront_main.aws_cloudfront_distribution.distribution",
            "module.tf_next.module.proxy.module.edge_proxy.aws_cloudwatch_log_group.lambda",
            "module.tf_next.module.proxy.module.edge_proxy.data.external.archive_prepare",
            "module.tf_next.module.proxy.module.edge_proxy.null_resource.archive",
            "module.tf_next.module.proxy_config.data.aws_cloudfront_origin_request_policy.managed_cors_s3_origin",
            "module.tf_next.module.statics_deploy.data.aws_iam_policy_document.access_sqs_queue",
            "module.tf_next.module.proxy.module.edge_proxy.local_file.archive_plan",
            "module.tf_next.module.proxy.module.proxy_package.data.external.download",
            "module.tf_next.module.proxy_config.aws_cloudfront_origin_access_identity.this",
            "module.tf_next.module.proxy_config.aws_s3_bucket.proxy_config_store",
            "module.tf_next.module.statics_deploy.aws_s3_bucket.static_upload",
            "data.aws_route53_zone.custom_domain_zone",
            "module.tf_next.data.aws_cloudfront_origin_request_policy.managed_all_viewer",
            "module.tf_next.module.next_image.aws_cloudfront_cache_policy.this",
            "module.tf_next.module.proxy_config.aws_cloudfront_distribution.distribution",
            "module.tf_next.module.proxy_config.data.aws_cloudfront_cache_policy.managed_caching_optimized_for_uncompressed_objects",
            "module.tf_next.data.aws_cloudfront_cache_policy.managed_caching_optimized",
            "module.tf_next.data.aws_cloudfront_origin_request_policy.managed_cors_s3_origin",
            "module.tf_next.module.api_gateway.aws_apigatewayv2_api.this",
            "module.tf_next.module.statics_deploy.aws_s3_bucket.static_deploy",
            "module.cloudfront_cert.aws_acm_certificate.this",
            "module.cloudfront_cert.aws_acm_certificate_validation.this",
            "module.tf_next.module.proxy.module.edge_proxy.aws_iam_role.lambda",
            "module.tf_next.module.proxy.module.proxy_package.data.external.this",
            "module.tf_next.module.statics_deploy.aws_cloudfront_origin_access_identity.this",
            "module.tf_next.module.next_image.aws_cloudfront_origin_request_policy.this",
            "module.tf_next.module.next_image.data.aws_region.current",
            "module.tf_next.module.next_image.module.api_gateway.aws_apigatewayv2_api.this",
            "module.tf_next.module.proxy.module.edge_proxy.aws_s3_bucket_object.lambda_package",
            "module.tf_next.aws_cloudfront_cache_policy.this",
            "module.tf_next.module.proxy.module.edge_proxy.aws_lambda_function.this",
            "module.tf_next.module.proxy.module.edge_proxy.data.aws_iam_policy_document.assume_role"
          ]
        },
        {
          "index_key": 1,
          "schema_version": 0,
          "attributes": {
            "arn": "arn:aws:iam::654918520080:policy/harbor-centre-on-main-beta_tfn-deploy-1",
            "description": "",
            "id": "arn:aws:iam::654918520080:policy/harbor-centre-on-main-beta_tfn-deploy-1",
            "name": "harbor-centre-on-main-beta_tfn-deploy-1",
            "name_prefix": null,
            "path": "/",
            "policy": "{\n  \"Version\": \"2012-10-17\",\n  \"Statement\": [\n    {\n      \"Sid\": \"\",\n      \"Effect\": \"Allow\",\n      \"Action\": [\n        \"s3:GetObjectVersion\",\n        \"s3:GetObject\",\n        \"s3:DeleteObjectVersion\",\n        \"s3:DeleteObject\"\n      ],\n      \"Resource\": \"arn:aws:s3:::harbor-centre-on-main-beta-tfn-deploy20211130012639420600000004/*\"\n    }\n  ]\n}",
            "policy_id": "ANPAZQ7BPRUIOKM7SC2XB",
            "tags": {},
            "tags_all": {}
          },
          "sensitive_attributes": [],
          "private": "bnVsbA==",
          "dependencies": [
            "module.tf_next.module.api_gateway.aws_apigatewayv2_api.this",
            "module.tf_next.module.proxy.module.proxy_package.data.external.this",
            "module.tf_next.module.statics_deploy.aws_s3_bucket.static_deploy",
            "module.cloudfront_cert.aws_acm_certificate_validation.this",
            "module.tf_next.module.proxy.module.edge_proxy.data.aws_iam_policy_document.assume_role",
            "module.tf_next.module.proxy_config.aws_cloudfront_distribution.distribution",
            "module.cloudfront_cert.aws_route53_record.validation",
            "module.tf_next.data.aws_cloudfront_origin_request_policy.managed_cors_s3_origin",
            "module.tf_next.module.next_image.module.api_gateway.aws_apigatewayv2_api.this",
            "module.tf_next.module.statics_deploy.data.aws_iam_policy_document.access_static_deploy",
            "module.tf_next.module.statics_deploy.data.aws_iam_policy_document.access_static_upload",
            "module.tf_next.aws_cloudfront_cache_policy.this",
            "module.tf_next.data.aws_cloudfront_cache_policy.managed_caching_optimized",
            "module.tf_next.module.next_image.data.aws_region.current",
            "module.tf_next.module.proxy.module.edge_proxy.aws_s3_bucket_object.lambda_package",
            "module.tf_next.module.proxy.module.edge_proxy.data.external.archive_prepare",
            "module.tf_next.module.proxy_config.aws_cloudfront_origin_access_identity.this",
            "module.tf_next.module.proxy_config.aws_s3_bucket.proxy_config_store",
            "module.tf_next.module.statics_deploy.aws_cloudfront_origin_access_identity.this",
            "module.tf_next.module.statics_deploy.aws_s3_bucket.static_upload",
            "module.tf_next.module.proxy.module.edge_proxy.aws_lambda_function.this",
            "module.tf_next.module.proxy.module.edge_proxy.local_file.archive_plan",
            "module.cloudfront_cert.aws_acm_certificate.this",
            "module.tf_next.module.proxy.module.edge_proxy.aws_iam_role.lambda",
            "module.tf_next.module.proxy.module.proxy_package.data.external.download",
            "module.tf_next.module.proxy_config.data.aws_cloudfront_origin_request_policy.managed_cors_s3_origin",
            "module.tf_next.module.statics_deploy.aws_sqs_queue.this",
            "module.tf_next.data.aws_cloudfront_origin_request_policy.managed_all_viewer",
            "module.tf_next.module.cloudfront_main.aws_cloudfront_distribution.distribution",
            "module.tf_next.module.proxy.module.edge_proxy.aws_cloudwatch_log_group.lambda",
            "module.tf_next.module.proxy.module.edge_proxy.null_resource.archive",
            "module.tf_next.module.proxy_config.data.aws_cloudfront_cache_policy.managed_caching_optimized_for_uncompressed_objects",
            "data.aws_route53_zone.custom_domain_zone",
            "module.tf_next.module.next_image.aws_cloudfront_cache_policy.this",
            "module.tf_next.module.next_image.aws_cloudfront_origin_request_policy.this",
            "module.tf_next.module.statics_deploy.data.aws_iam_policy_document.access_sqs_queue"
          ]
        },
        {
          "index_key": 2,
          "schema_version": 0,
          "attributes": {
            "arn": "arn:aws:iam::654918520080:policy/harbor-centre-on-main-beta_tfn-deploy-2",
            "description": "",
            "id": "arn:aws:iam::654918520080:policy/harbor-centre-on-main-beta_tfn-deploy-2",
            "name": "harbor-centre-on-main-beta_tfn-deploy-2",
            "name_prefix": null,
            "path": "/",
            "policy": "{\n  \"Version\": \"2012-10-17\",\n  \"Statement\": [\n    {\n      \"Sid\": \"\",\n      \"Effect\": \"Allow\",\n      \"Action\": [\n        \"sqs:SendMessage\",\n        \"sqs:ReceiveMessage\",\n        \"sqs:GetQueueUrl\",\n        \"sqs:GetQueueAttributes\",\n        \"sqs:DeleteMessage\",\n        \"sqs:ChangeMessageVisibility\"\n      ],\n      \"Resource\": \"arn:aws:sqs:us-east-1:654918520080:harbor-centre-on-main-beta20211130012639415800000002\"\n    }\n  ]\n}",
            "policy_id": "ANPAZQ7BPRUIIHXFLCISF",
            "tags": {},
            "tags_all": {}
          },
          "sensitive_attributes": [],
          "private": "bnVsbA==",
          "dependencies": [
            "module.tf_next.module.proxy.module.edge_proxy.aws_lambda_function.this",
            "module.tf_next.aws_cloudfront_cache_policy.this",
            "module.tf_next.module.proxy.module.edge_proxy.aws_s3_bucket_object.lambda_package",
            "module.tf_next.module.proxy_config.data.aws_cloudfront_origin_request_policy.managed_cors_s3_origin",
            "module.cloudfront_cert.aws_acm_certificate.this",
            "module.tf_next.module.statics_deploy.aws_s3_bucket.static_deploy",
            "module.tf_next.module.statics_deploy.aws_sqs_queue.this",
            "module.tf_next.module.proxy.module.edge_proxy.aws_iam_role.lambda",
            "module.tf_next.module.proxy.module.edge_proxy.local_file.archive_plan",
            "module.tf_next.module.proxy_config.aws_cloudfront_origin_access_identity.this",
            "module.tf_next.module.api_gateway.aws_apigatewayv2_api.this",
            "module.tf_next.module.cloudfront_main.aws_cloudfront_distribution.distribution",
            "module.tf_next.module.next_image.aws_cloudfront_cache_policy.this",
            "module.tf_next.module.next_image.aws_cloudfront_origin_request_policy.this",
            "module.tf_next.module.next_image.data.aws_region.current",
            "module.tf_next.module.statics_deploy.data.aws_iam_policy_document.access_static_deploy",
            "data.aws_route53_zone.custom_domain_zone",
            "module.tf_next.module.statics_deploy.aws_cloudfront_origin_access_identity.this",
            "module.tf_next.module.statics_deploy.aws_s3_bucket.static_upload",
            "module.tf_next.module.proxy_config.aws_cloudfront_distribution.distribution",
            "module.tf_next.module.proxy_config.aws_s3_bucket.proxy_config_store",
            "module.tf_next.data.aws_cloudfront_origin_request_policy.managed_cors_s3_origin",
            "module.tf_next.module.proxy.module.edge_proxy.aws_cloudwatch_log_group.lambda",
            "module.tf_next.module.proxy.module.edge_proxy.data.aws_iam_policy_document.assume_role",
            "module.tf_next.module.proxy.module.edge_proxy.null_resource.archive",
            "module.tf_next.module.proxy.module.proxy_package.data.external.download",
            "module.tf_next.module.next_image.module.api_gateway.aws_apigatewayv2_api.this",
            "module.tf_next.module.proxy.module.proxy_package.data.external.this",
            "module.tf_next.module.proxy_config.data.aws_cloudfront_cache_policy.managed_caching_optimized_for_uncompressed_objects",
            "module.tf_next.module.statics_deploy.data.aws_iam_policy_document.access_static_upload",
            "module.tf_next.module.statics_deploy.data.aws_iam_policy_document.access_sqs_queue",
            "module.cloudfront_cert.aws_acm_certificate_validation.this",
            "module.cloudfront_cert.aws_route53_record.validation",
            "module.tf_next.data.aws_cloudfront_cache_policy.managed_caching_optimized",
            "module.tf_next.data.aws_cloudfront_origin_request_policy.managed_all_viewer",
            "module.tf_next.module.proxy.module.edge_proxy.data.external.archive_prepare"
          ]
        }
      ]
    },
    {
      "module": "module.tf_next.module.statics_deploy.module.deploy_trigger",
      "mode": "managed",
      "type": "aws_iam_policy",
      "name": "logs",
      "provider": "provider[\"registry.terraform.io/hashicorp/aws\"]",
      "instances": [
        {
          "index_key": 0,
          "schema_version": 0,
          "attributes": {
            "arn": "arn:aws:iam::654918520080:policy/harbor-centre-on-main-beta_tfn-deploy-logs",
            "description": "",
            "id": "arn:aws:iam::654918520080:policy/harbor-centre-on-main-beta_tfn-deploy-logs",
            "name": "harbor-centre-on-main-beta_tfn-deploy-logs",
            "name_prefix": null,
            "path": "/",
            "policy": "{\n  \"Version\": \"2012-10-17\",\n  \"Statement\": [\n    {\n      \"Sid\": \"\",\n      \"Effect\": \"Allow\",\n      \"Action\": [\n        \"logs:PutLogEvents\",\n        \"logs:CreateLogStream\",\n        \"logs:CreateLogGroup\"\n      ],\n      \"Resource\": [\n        \"arn:aws:logs:us-east-1:654918520080:log-group:/aws/lambda/harbor-centre-on-main-beta_tfn-deploy:*:*\",\n        \"arn:aws:logs:us-east-1:654918520080:log-group:/aws/lambda/harbor-centre-on-main-beta_tfn-deploy:*\"\n      ]\n    }\n  ]\n}",
            "policy_id": "ANPAZQ7BPRUIFG3L4D2EU",
            "tags": {},
            "tags_all": {}
          },
          "sensitive_attributes": [],
          "private": "bnVsbA==",
          "dependencies": [
            "module.tf_next.module.statics_deploy.module.deploy_trigger.aws_cloudwatch_log_group.lambda",
            "module.tf_next.module.statics_deploy.module.deploy_trigger.data.aws_arn.log_group_arn",
            "module.tf_next.module.statics_deploy.module.deploy_trigger.data.aws_cloudwatch_log_group.lambda",
            "module.tf_next.module.statics_deploy.module.deploy_trigger.data.aws_iam_policy_document.logs"
          ]
        }
      ]
    },
    {
      "module": "module.tf_next.module.statics_deploy.module.deploy_trigger",
      "mode": "managed",
      "type": "aws_iam_policy_attachment",
      "name": "additional_jsons",
      "provider": "provider[\"registry.terraform.io/hashicorp/aws\"]",
      "instances": [
        {
          "index_key": 0,
          "schema_version": 0,
          "attributes": {
            "groups": [],
            "id": "harbor-centre-on-main-beta_tfn-deploy-0",
            "name": "harbor-centre-on-main-beta_tfn-deploy-0",
            "policy_arn": "arn:aws:iam::654918520080:policy/harbor-centre-on-main-beta_tfn-deploy-0",
            "roles": [
              "harbor-centre-on-main-beta_tfn-deploy"
            ],
            "users": []
          },
          "sensitive_attributes": [],
          "private": "bnVsbA==",
          "dependencies": [
            "module.cloudfront_cert.aws_acm_certificate_validation.this",
            "module.tf_next.module.next_image.module.api_gateway.aws_apigatewayv2_api.this",
            "module.tf_next.module.statics_deploy.data.aws_iam_policy_document.access_static_upload",
            "module.tf_next.module.statics_deploy.module.deploy_trigger.data.aws_iam_policy_document.assume_role",
            "module.tf_next.module.next_image.data.aws_region.current",
            "module.tf_next.module.proxy.module.edge_proxy.data.external.archive_prepare",
            "module.tf_next.module.statics_deploy.data.aws_iam_policy_document.access_static_deploy",
            "module.tf_next.module.statics_deploy.module.deploy_trigger.aws_iam_policy.additional_jsons",
            "module.tf_next.module.statics_deploy.module.deploy_trigger.aws_iam_role.lambda",
            "module.tf_next.module.proxy_config.data.aws_cloudfront_cache_policy.managed_caching_optimized_for_uncompressed_objects",
            "module.tf_next.module.statics_deploy.data.aws_iam_policy_document.access_sqs_queue",
            "module.tf_next.data.aws_cloudfront_cache_policy.managed_caching_optimized",
            "module.tf_next.module.cloudfront_main.aws_cloudfront_distribution.distribution",
            "module.tf_next.module.proxy.module.edge_proxy.aws_lambda_function.this",
            "module.tf_next.module.proxy.module.edge_proxy.data.aws_iam_policy_document.assume_role",
            "module.tf_next.module.proxy.module.edge_proxy.null_resource.archive",
            "module.tf_next.module.proxy.module.edge_proxy.local_file.archive_plan",
            "module.tf_next.module.proxy.module.proxy_package.data.external.download",
            "module.tf_next.module.proxy_config.aws_cloudfront_distribution.distribution",
            "module.tf_next.module.statics_deploy.aws_cloudfront_origin_access_identity.this",
            "module.tf_next.module.statics_deploy.aws_sqs_queue.this",
            "module.tf_next.aws_cloudfront_cache_policy.this",
            "module.tf_next.data.aws_cloudfront_origin_request_policy.managed_all_viewer",
            "module.tf_next.module.next_image.aws_cloudfront_origin_request_policy.this",
            "module.tf_next.module.proxy.module.edge_proxy.aws_iam_role.lambda",
            "module.tf_next.module.proxy_config.aws_cloudfront_origin_access_identity.this",
            "module.tf_next.data.aws_cloudfront_origin_request_policy.managed_cors_s3_origin",
            "module.tf_next.module.next_image.aws_cloudfront_cache_policy.this",
            "module.tf_next.module.statics_deploy.aws_s3_bucket.static_upload",
            "data.aws_route53_zone.custom_domain_zone",
            "module.cloudfront_cert.aws_acm_certificate.this",
            "module.tf_next.module.proxy.module.edge_proxy.aws_cloudwatch_log_group.lambda",
            "module.tf_next.module.proxy.module.proxy_package.data.external.this",
            "module.tf_next.module.proxy_config.data.aws_cloudfront_origin_request_policy.managed_cors_s3_origin",
            "module.cloudfront_cert.aws_route53_record.validation",
            "module.tf_next.module.api_gateway.aws_apigatewayv2_api.this",
            "module.tf_next.module.proxy.module.edge_proxy.aws_s3_bucket_object.lambda_package",
            "module.tf_next.module.proxy_config.aws_s3_bucket.proxy_config_store",
            "module.tf_next.module.statics_deploy.aws_s3_bucket.static_deploy"
          ]
        },
        {
          "index_key": 1,
          "schema_version": 0,
          "attributes": {
            "groups": [],
            "id": "harbor-centre-on-main-beta_tfn-deploy-1",
            "name": "harbor-centre-on-main-beta_tfn-deploy-1",
            "policy_arn": "arn:aws:iam::654918520080:policy/harbor-centre-on-main-beta_tfn-deploy-1",
            "roles": [
              "harbor-centre-on-main-beta_tfn-deploy"
            ],
            "users": []
          },
          "sensitive_attributes": [],
          "private": "bnVsbA==",
          "dependencies": [
            "module.tf_next.module.next_image.aws_cloudfront_origin_request_policy.this",
            "module.tf_next.module.proxy.module.edge_proxy.local_file.archive_plan",
            "module.tf_next.module.proxy_config.aws_cloudfront_distribution.distribution",
            "module.tf_next.module.proxy_config.data.aws_cloudfront_origin_request_policy.managed_cors_s3_origin",
            "module.tf_next.module.statics_deploy.aws_s3_bucket.static_upload",
            "module.cloudfront_cert.aws_acm_certificate.this",
            "module.cloudfront_cert.aws_acm_certificate_validation.this",
            "module.tf_next.aws_cloudfront_cache_policy.this",
            "module.tf_next.module.proxy_config.aws_s3_bucket.proxy_config_store",
            "data.aws_route53_zone.custom_domain_zone",
            "module.tf_next.module.proxy.module.edge_proxy.aws_iam_role.lambda",
            "module.tf_next.module.proxy.module.edge_proxy.data.aws_iam_policy_document.assume_role",
            "module.tf_next.module.proxy.module.proxy_package.data.external.download",
            "module.cloudfront_cert.aws_route53_record.validation",
            "module.tf_next.module.api_gateway.aws_apigatewayv2_api.this",
            "module.tf_next.module.proxy.module.edge_proxy.data.external.archive_prepare",
            "module.tf_next.module.proxy_config.data.aws_cloudfront_cache_policy.managed_caching_optimized_for_uncompressed_objects",
            "module.tf_next.module.statics_deploy.data.aws_iam_policy_document.access_static_deploy",
            "module.tf_next.module.statics_deploy.module.deploy_trigger.data.aws_iam_policy_document.assume_role",
            "module.tf_next.module.next_image.data.aws_region.current",
            "module.tf_next.module.proxy.module.edge_proxy.aws_cloudwatch_log_group.lambda",
            "module.tf_next.module.proxy_config.aws_cloudfront_origin_access_identity.this",
            "module.tf_next.module.statics_deploy.data.aws_iam_policy_document.access_static_upload",
            "module.tf_next.data.aws_cloudfront_origin_request_policy.managed_all_viewer",
            "module.tf_next.data.aws_cloudfront_origin_request_policy.managed_cors_s3_origin",
            "module.tf_next.module.next_image.module.api_gateway.aws_apigatewayv2_api.this",
            "module.tf_next.module.proxy.module.edge_proxy.aws_s3_bucket_object.lambda_package",
            "module.tf_next.module.proxy.module.edge_proxy.null_resource.archive",
            "module.tf_next.module.proxy.module.proxy_package.data.external.this",
            "module.tf_next.module.statics_deploy.aws_cloudfront_origin_access_identity.this",
            "module.tf_next.module.statics_deploy.aws_s3_bucket.static_deploy",
            "module.tf_next.module.statics_deploy.aws_sqs_queue.this",
            "module.tf_next.module.statics_deploy.module.deploy_trigger.aws_iam_role.lambda",
            "module.tf_next.data.aws_cloudfront_cache_policy.managed_caching_optimized",
            "module.tf_next.module.cloudfront_main.aws_cloudfront_distribution.distribution",
            "module.tf_next.module.next_image.aws_cloudfront_cache_policy.this",
            "module.tf_next.module.proxy.module.edge_proxy.aws_lambda_function.this",
            "module.tf_next.module.statics_deploy.data.aws_iam_policy_document.access_sqs_queue",
            "module.tf_next.module.statics_deploy.module.deploy_trigger.aws_iam_policy.additional_jsons"
          ]
        },
        {
          "index_key": 2,
          "schema_version": 0,
          "attributes": {
            "groups": [],
            "id": "harbor-centre-on-main-beta_tfn-deploy-2",
            "name": "harbor-centre-on-main-beta_tfn-deploy-2",
            "policy_arn": "arn:aws:iam::654918520080:policy/harbor-centre-on-main-beta_tfn-deploy-2",
            "roles": [
              "harbor-centre-on-main-beta_tfn-deploy"
            ],
            "users": []
          },
          "sensitive_attributes": [],
          "private": "bnVsbA==",
          "dependencies": [
            "module.tf_next.module.proxy.module.edge_proxy.local_file.archive_plan",
            "module.tf_next.module.statics_deploy.data.aws_iam_policy_document.access_static_deploy",
            "module.tf_next.module.statics_deploy.module.deploy_trigger.aws_iam_role.lambda",
            "module.cloudfront_cert.aws_acm_certificate.this",
            "module.tf_next.module.next_image.aws_cloudfront_cache_policy.this",
            "module.tf_next.module.next_image.data.aws_region.current",
            "module.tf_next.module.next_image.module.api_gateway.aws_apigatewayv2_api.this",
            "module.tf_next.module.proxy.module.edge_proxy.aws_iam_role.lambda",
            "module.tf_next.module.statics_deploy.aws_sqs_queue.this",
            "data.aws_route53_zone.custom_domain_zone",
            "module.tf_next.data.aws_cloudfront_cache_policy.managed_caching_optimized",
            "module.tf_next.module.proxy.module.edge_proxy.data.aws_iam_policy_document.assume_role",
            "module.tf_next.module.statics_deploy.aws_s3_bucket.static_upload",
            "module.tf_next.module.statics_deploy.data.aws_iam_policy_document.access_sqs_queue",
            "module.tf_next.module.statics_deploy.module.deploy_trigger.data.aws_iam_policy_document.assume_role",
            "module.tf_next.module.proxy.module.edge_proxy.aws_lambda_function.this",
            "module.tf_next.module.proxy.module.proxy_package.data.external.download",
            "module.tf_next.module.proxy.module.edge_proxy.data.external.archive_prepare",
            "module.tf_next.module.proxy.module.proxy_package.data.external.this",
            "module.tf_next.module.proxy_config.aws_cloudfront_origin_access_identity.this",
            "module.tf_next.module.proxy_config.aws_s3_bucket.proxy_config_store",
            "module.tf_next.module.statics_deploy.aws_s3_bucket.static_deploy",
            "module.tf_next.module.statics_deploy.module.deploy_trigger.aws_iam_policy.additional_jsons",
            "module.tf_next.data.aws_cloudfront_origin_request_policy.managed_all_viewer",
            "module.tf_next.module.proxy.module.edge_proxy.aws_cloudwatch_log_group.lambda",
            "module.tf_next.module.proxy.module.edge_proxy.aws_s3_bucket_object.lambda_package",
            "module.tf_next.module.statics_deploy.aws_cloudfront_origin_access_identity.this",
            "module.cloudfront_cert.aws_route53_record.validation",
            "module.tf_next.module.cloudfront_main.aws_cloudfront_distribution.distribution",
            "module.tf_next.module.next_image.aws_cloudfront_origin_request_policy.this",
            "module.cloudfront_cert.aws_acm_certificate_validation.this",
            "module.tf_next.data.aws_cloudfront_origin_request_policy.managed_cors_s3_origin",
            "module.tf_next.module.proxy.module.edge_proxy.null_resource.archive",
            "module.tf_next.module.proxy_config.aws_cloudfront_distribution.distribution",
            "module.tf_next.module.proxy_config.data.aws_cloudfront_cache_policy.managed_caching_optimized_for_uncompressed_objects",
            "module.tf_next.module.proxy_config.data.aws_cloudfront_origin_request_policy.managed_cors_s3_origin",
            "module.tf_next.module.statics_deploy.data.aws_iam_policy_document.access_static_upload",
            "module.tf_next.aws_cloudfront_cache_policy.this",
            "module.tf_next.module.api_gateway.aws_apigatewayv2_api.this"
          ]
        }
      ]
    },
    {
      "module": "module.tf_next.module.statics_deploy.module.deploy_trigger",
      "mode": "managed",
      "type": "aws_iam_policy_attachment",
      "name": "logs",
      "provider": "provider[\"registry.terraform.io/hashicorp/aws\"]",
      "instances": [
        {
          "index_key": 0,
          "schema_version": 0,
          "attributes": {
            "groups": [],
            "id": "harbor-centre-on-main-beta_tfn-deploy-logs",
            "name": "harbor-centre-on-main-beta_tfn-deploy-logs",
            "policy_arn": "arn:aws:iam::654918520080:policy/harbor-centre-on-main-beta_tfn-deploy-logs",
            "roles": [
              "harbor-centre-on-main-beta_tfn-deploy"
            ],
            "users": []
          },
          "sensitive_attributes": [],
          "private": "bnVsbA==",
          "dependencies": [
            "module.tf_next.module.statics_deploy.module.deploy_trigger.data.aws_cloudwatch_log_group.lambda",
            "module.tf_next.module.statics_deploy.module.deploy_trigger.data.aws_iam_policy_document.assume_role",
            "module.tf_next.module.statics_deploy.module.deploy_trigger.data.aws_iam_policy_document.logs",
            "module.tf_next.module.statics_deploy.module.deploy_trigger.aws_cloudwatch_log_group.lambda",
            "module.tf_next.module.statics_deploy.module.deploy_trigger.aws_iam_policy.logs",
            "module.tf_next.module.statics_deploy.module.deploy_trigger.aws_iam_role.lambda",
            "module.tf_next.module.statics_deploy.module.deploy_trigger.data.aws_arn.log_group_arn"
          ]
        }
      ]
    },
    {
      "module": "module.tf_next.module.statics_deploy.module.deploy_trigger",
      "mode": "managed",
      "type": "aws_iam_role",
      "name": "lambda",
      "provider": "provider[\"registry.terraform.io/hashicorp/aws\"]",
      "instances": [
        {
          "index_key": 0,
          "schema_version": 0,
          "attributes": {
            "arn": "arn:aws:iam::654918520080:role/harbor-centre-on-main-beta_tfn-deploy",
            "assume_role_policy": "{\"Version\":\"2012-10-17\",\"Statement\":[{\"Sid\":\"\",\"Effect\":\"Allow\",\"Principal\":{\"Service\":\"lambda.amazonaws.com\"},\"Action\":\"sts:AssumeRole\"}]}",
            "create_date": "2021-11-30T01:26:39Z",
            "description": "",
            "force_detach_policies": true,
            "id": "harbor-centre-on-main-beta_tfn-deploy",
            "inline_policy": [
              {
                "name": "",
                "policy": ""
              }
            ],
            "managed_policy_arns": [
              "arn:aws:iam::654918520080:policy/harbor-centre-on-main-beta_tfn-deploy-0",
              "arn:aws:iam::654918520080:policy/harbor-centre-on-main-beta_tfn-deploy-1",
              "arn:aws:iam::654918520080:policy/harbor-centre-on-main-beta_tfn-deploy-2",
              "arn:aws:iam::654918520080:policy/harbor-centre-on-main-beta_tfn-deploy-logs"
            ],
            "max_session_duration": 3600,
            "name": "harbor-centre-on-main-beta_tfn-deploy",
            "name_prefix": "",
            "path": "/",
            "permissions_boundary": null,
            "tags": {},
            "tags_all": {},
            "unique_id": "AROAZQ7BPRUIP3BJKLFT5"
          },
          "sensitive_attributes": [],
          "private": "bnVsbA==",
          "dependencies": [
            "module.tf_next.module.statics_deploy.module.deploy_trigger.data.aws_iam_policy_document.assume_role"
          ]
        }
      ]
    },
    {
      "module": "module.tf_next.module.statics_deploy.module.deploy_trigger",
      "mode": "managed",
      "type": "aws_lambda_event_source_mapping",
      "name": "this",
      "provider": "provider[\"registry.terraform.io/hashicorp/aws\"]",
      "instances": [
        {
          "index_key": "sqs_source",
          "schema_version": 0,
          "attributes": {
            "batch_size": 10,
            "bisect_batch_on_function_error": false,
            "destination_config": [],
            "enabled": true,
            "event_source_arn": "arn:aws:sqs:us-east-1:654918520080:harbor-centre-on-main-beta20211130012639415800000002",
            "function_arn": "arn:aws:lambda:us-east-1:654918520080:function:harbor-centre-on-main-beta_tfn-deploy",
            "function_name": "arn:aws:lambda:us-east-1:654918520080:function:harbor-centre-on-main-beta_tfn-deploy",
            "function_response_types": [],
            "id": "32c12e10-9bce-4a67-bd28-0825e5255159",
            "last_modified": "2021-11-30T01:33:08Z",
            "last_processing_result": "",
            "maximum_batching_window_in_seconds": 0,
            "maximum_record_age_in_seconds": 0,
            "maximum_retry_attempts": 0,
            "parallelization_factor": 0,
            "queues": [],
            "self_managed_event_source": [],
            "source_access_configuration": [],
            "starting_position": "",
            "starting_position_timestamp": "",
            "state": "Enabled",
            "state_transition_reason": "USER_INITIATED",
            "topics": [],
            "tumbling_window_in_seconds": 0,
            "uuid": "32c12e10-9bce-4a67-bd28-0825e5255159"
          },
          "sensitive_attributes": [],
          "private": "bnVsbA==",
          "dependencies": [
            "module.tf_next.module.proxy.module.edge_proxy.data.aws_iam_policy_document.assume_role",
            "module.tf_next.module.statics_deploy.module.deploy_trigger.aws_s3_bucket_object.lambda_package",
            "module.tf_next.module.proxy.module.edge_proxy.aws_s3_bucket_object.lambda_package",
            "module.tf_next.module.proxy_config.data.aws_cloudfront_cache_policy.managed_caching_optimized_for_uncompressed_objects",
            "data.aws_route53_zone.custom_domain_zone",
            "module.tf_next.aws_cloudfront_cache_policy.this",
            "module.tf_next.module.proxy.module.edge_proxy.local_file.archive_plan",
            "module.tf_next.module.proxy_config.aws_s3_bucket.proxy_config_store",
            "module.tf_next.module.statics_deploy.module.deploy_trigger.aws_cloudwatch_log_group.lambda",
            "module.tf_next.module.statics_deploy.module.deploy_trigger.data.external.archive_prepare",
            "module.tf_next.module.statics_deploy.module.lambda_content.data.external.this",
            "module.tf_next.data.aws_cloudfront_cache_policy.managed_caching_optimized",
            "module.tf_next.data.aws_cloudfront_origin_request_policy.managed_cors_s3_origin",
            "module.tf_next.module.next_image.data.aws_region.current",
            "module.tf_next.module.proxy.module.edge_proxy.aws_lambda_function.this",
            "module.tf_next.module.proxy_config.data.aws_cloudfront_origin_request_policy.managed_cors_s3_origin",
            "module.tf_next.module.proxy.module.proxy_package.data.external.this",
            "module.tf_next.module.proxy_config.aws_cloudfront_origin_access_identity.this",
            "module.tf_next.module.statics_deploy.module.lambda_content.data.external.download",
            "module.cloudfront_cert.aws_acm_certificate_validation.this",
            "module.tf_next.data.aws_cloudfront_origin_request_policy.managed_all_viewer",
            "module.tf_next.module.next_image.aws_cloudfront_origin_request_policy.this",
            "module.tf_next.module.next_image.module.api_gateway.aws_apigatewayv2_api.this",
            "module.tf_next.module.proxy.module.edge_proxy.aws_cloudwatch_log_group.lambda",
            "module.tf_next.module.statics_deploy.aws_cloudfront_origin_access_identity.this",
            "module.tf_next.module.statics_deploy.module.deploy_trigger.aws_lambda_function.this",
            "module.tf_next.module.api_gateway.aws_apigatewayv2_api.this",
            "module.tf_next.module.next_image.aws_cloudfront_cache_policy.this",
            "module.tf_next.module.proxy.module.edge_proxy.data.external.archive_prepare",
            "module.tf_next.module.proxy.module.proxy_package.data.external.download",
            "module.tf_next.module.proxy_config.aws_cloudfront_distribution.distribution",
            "module.cloudfront_cert.aws_acm_certificate.this",
            "module.cloudfront_cert.aws_route53_record.validation",
            "module.tf_next.module.cloudfront_main.aws_cloudfront_distribution.distribution",
            "module.tf_next.module.proxy.module.edge_proxy.null_resource.archive",
            "module.tf_next.module.statics_deploy.module.deploy_trigger.aws_iam_role.lambda",
            "module.tf_next.module.statics_deploy.module.deploy_trigger.null_resource.archive",
            "module.tf_next.module.proxy.module.edge_proxy.aws_iam_role.lambda",
            "module.tf_next.module.statics_deploy.aws_s3_bucket.static_deploy",
            "module.tf_next.module.statics_deploy.aws_sqs_queue.this",
            "module.tf_next.module.statics_deploy.module.deploy_trigger.data.aws_iam_policy_document.assume_role",
            "module.tf_next.module.statics_deploy.module.deploy_trigger.local_file.archive_plan"
          ]
        }
      ]
    },
    {
      "module": "module.tf_next.module.statics_deploy.module.deploy_trigger",
      "mode": "managed",
      "type": "aws_lambda_function",
      "name": "this",
      "provider": "provider[\"registry.terraform.io/hashicorp/aws\"]",
      "instances": [
        {
          "index_key": 0,
          "schema_version": 0,
          "attributes": {
            "architectures": [
              "x86_64"
            ],
            "arn": "arn:aws:lambda:us-east-1:654918520080:function:harbor-centre-on-main-beta_tfn-deploy",
            "code_signing_config_arn": "",
            "dead_letter_config": [],
            "description": "Managed by Terraform Next.js",
            "environment": [
              {
                "variables": {
                  "DISTRIBUTION_ID": "E3PHC6SVQGANOW",
                  "EXPIRE_AFTER_DAYS": "30",
                  "NODE_ENV": "production",
                  "SQS_QUEUE_URL": "https://sqs.us-east-1.amazonaws.com/654918520080/harbor-centre-on-main-beta20211130012639415800000002",
                  "TARGET_BUCKET": "harbor-centre-on-main-beta-tfn-static20211130012639420700000005"
                }
              }
            ],
            "file_system_config": [],
            "filename": "/Users/aaronsisler/Business/clients/harbor-centre/deployment/beta/.terraform/modules/tf_next.statics_deploy.lambda_content/download/@millihq/terraform-next-deploy-trigger/dist.zip",
            "function_name": "harbor-centre-on-main-beta_tfn-deploy",
            "handler": "handler.handler",
            "id": "harbor-centre-on-main-beta_tfn-deploy",
            "image_config": [],
            "image_uri": "",
            "invoke_arn": "arn:aws:apigateway:us-east-1:lambda:path/2015-03-31/functions/arn:aws:lambda:us-east-1:654918520080:function:harbor-centre-on-main-beta_tfn-deploy/invocations",
            "kms_key_arn": "",
            "last_modified": "2021-11-30T01:33:07.874+0000",
            "layers": [],
            "memory_size": 1024,
            "package_type": "Zip",
            "publish": true,
            "qualified_arn": "arn:aws:lambda:us-east-1:654918520080:function:harbor-centre-on-main-beta_tfn-deploy:1",
            "reserved_concurrent_executions": 1,
            "role": "arn:aws:iam::654918520080:role/harbor-centre-on-main-beta_tfn-deploy",
            "runtime": "nodejs14.x",
            "s3_bucket": null,
            "s3_key": null,
            "s3_object_version": null,
            "signing_job_arn": "",
            "signing_profile_version_arn": "",
            "source_code_hash": "36/6dUSR0IiQDugzwtIlpN47qg+pGrkkjHYZ/Aakn5I=",
            "source_code_size": 181567,
            "tags": {},
            "tags_all": {},
            "timeout": 60,
            "timeouts": null,
            "tracing_config": [
              {
                "mode": "PassThrough"
              }
            ],
            "version": "1",
            "vpc_config": []
          },
          "sensitive_attributes": [],
          "private": "eyJlMmJmYjczMC1lY2FhLTExZTYtOGY4OC0zNDM2M2JjN2M0YzAiOnsiY3JlYXRlIjo2MDAwMDAwMDAwMDB9fQ==",
          "dependencies": [
            "module.tf_next.module.next_image.aws_cloudfront_origin_request_policy.this",
            "module.tf_next.module.proxy.module.edge_proxy.aws_s3_bucket_object.lambda_package",
            "module.tf_next.module.proxy.module.edge_proxy.null_resource.archive",
            "module.tf_next.module.proxy_config.data.aws_cloudfront_origin_request_policy.managed_cors_s3_origin",
            "module.tf_next.module.statics_deploy.module.deploy_trigger.null_resource.archive",
            "module.tf_next.data.aws_cloudfront_cache_policy.managed_caching_optimized",
            "module.tf_next.data.aws_cloudfront_origin_request_policy.managed_all_viewer",
            "module.tf_next.module.next_image.aws_cloudfront_cache_policy.this",
            "module.tf_next.module.statics_deploy.module.lambda_content.data.external.download",
            "module.tf_next.module.proxy.module.edge_proxy.data.aws_iam_policy_document.assume_role",
            "module.tf_next.module.proxy_config.data.aws_cloudfront_cache_policy.managed_caching_optimized_for_uncompressed_objects",
            "module.tf_next.module.statics_deploy.aws_cloudfront_origin_access_identity.this",
            "module.cloudfront_cert.aws_route53_record.validation",
            "module.tf_next.data.aws_cloudfront_origin_request_policy.managed_cors_s3_origin",
            "module.tf_next.module.next_image.data.aws_region.current",
            "module.tf_next.module.proxy.module.edge_proxy.local_file.archive_plan",
            "module.tf_next.module.statics_deploy.module.deploy_trigger.aws_iam_role.lambda",
            "module.tf_next.module.statics_deploy.module.deploy_trigger.data.aws_iam_policy_document.assume_role",
            "module.tf_next.module.cloudfront_main.aws_cloudfront_distribution.distribution",
            "module.tf_next.module.next_image.module.api_gateway.aws_apigatewayv2_api.this",
            "module.tf_next.module.proxy_config.aws_s3_bucket.proxy_config_store",
            "module.tf_next.aws_cloudfront_cache_policy.this",
            "module.tf_next.module.proxy_config.aws_cloudfront_origin_access_identity.this",
            "module.tf_next.module.statics_deploy.aws_sqs_queue.this",
            "module.tf_next.module.proxy.module.proxy_package.data.external.download",
            "module.tf_next.module.proxy.module.proxy_package.data.external.this",
            "module.tf_next.module.statics_deploy.module.deploy_trigger.aws_cloudwatch_log_group.lambda",
            "module.tf_next.module.statics_deploy.module.deploy_trigger.aws_s3_bucket_object.lambda_package",
            "module.tf_next.module.statics_deploy.module.deploy_trigger.data.external.archive_prepare",
            "data.aws_route53_zone.custom_domain_zone",
            "module.cloudfront_cert.aws_acm_certificate.this",
            "module.tf_next.module.proxy.module.edge_proxy.aws_iam_role.lambda",
            "module.tf_next.module.statics_deploy.module.lambda_content.data.external.this",
            "module.tf_next.module.statics_deploy.aws_s3_bucket.static_deploy",
            "module.cloudfront_cert.aws_acm_certificate_validation.this",
            "module.tf_next.module.proxy.module.edge_proxy.data.external.archive_prepare",
            "module.tf_next.module.proxy_config.aws_cloudfront_distribution.distribution",
            "module.tf_next.module.statics_deploy.module.deploy_trigger.local_file.archive_plan",
            "module.tf_next.module.api_gateway.aws_apigatewayv2_api.this",
            "module.tf_next.module.proxy.module.edge_proxy.aws_cloudwatch_log_group.lambda",
            "module.tf_next.module.proxy.module.edge_proxy.aws_lambda_function.this"
          ]
        }
      ]
    },
    {
      "module": "module.tf_next.module.statics_deploy.module.deploy_trigger",
      "mode": "managed",
      "type": "aws_lambda_permission",
      "name": "current_version_triggers",
      "provider": "provider[\"registry.terraform.io/hashicorp/aws\"]",
      "instances": [
        {
          "index_key": "AllowExecutionFromS3Bucket",
          "schema_version": 0,
          "attributes": {
            "action": "lambda:InvokeFunction",
            "event_source_token": null,
            "function_name": "harbor-centre-on-main-beta_tfn-deploy",
            "id": "AllowExecutionFromS3Bucket",
            "principal": "s3.amazonaws.com",
            "qualifier": "1",
            "source_account": null,
            "source_arn": "arn:aws:s3:::harbor-centre-on-main-beta-tfn-deploy20211130012639420600000004",
            "statement_id": "AllowExecutionFromS3Bucket",
            "statement_id_prefix": null
          },
          "sensitive_attributes": [],
          "private": "bnVsbA==",
          "dependencies": [
            "module.tf_next.module.cloudfront_main.aws_cloudfront_distribution.distribution",
            "module.tf_next.module.proxy.module.edge_proxy.data.external.archive_prepare",
            "module.tf_next.module.proxy_config.aws_cloudfront_distribution.distribution",
            "module.tf_next.module.proxy_config.data.aws_cloudfront_origin_request_policy.managed_cors_s3_origin",
            "module.tf_next.module.statics_deploy.aws_s3_bucket.static_deploy",
            "module.tf_next.module.statics_deploy.module.deploy_trigger.data.aws_iam_policy_document.assume_role",
            "data.aws_route53_zone.custom_domain_zone",
            "module.tf_next.aws_cloudfront_cache_policy.this",
            "module.tf_next.module.proxy_config.aws_s3_bucket.proxy_config_store",
            "module.cloudfront_cert.aws_acm_certificate.this",
            "module.cloudfront_cert.aws_route53_record.validation",
            "module.tf_next.module.statics_deploy.aws_sns_topic.this",
            "module.tf_next.module.statics_deploy.module.deploy_trigger.aws_iam_role.lambda",
            "module.tf_next.module.statics_deploy.module.lambda_content.data.external.this",
            "module.tf_next.data.aws_cloudfront_cache_policy.managed_caching_optimized",
            "module.tf_next.module.proxy.module.edge_proxy.data.aws_iam_policy_document.assume_role",
            "module.tf_next.module.proxy_config.aws_cloudfront_origin_access_identity.this",
            "module.tf_next.module.statics_deploy.module.deploy_trigger.aws_s3_bucket_object.lambda_package",
            "module.tf_next.module.statics_deploy.module.deploy_trigger.null_resource.archive",
            "module.tf_next.module.next_image.aws_cloudfront_cache_policy.this",
            "module.tf_next.module.proxy.module.edge_proxy.local_file.archive_plan",
            "module.tf_next.module.proxy.module.edge_proxy.aws_s3_bucket_object.lambda_package",
            "module.tf_next.module.proxy.module.proxy_package.data.external.this",
            "module.tf_next.module.statics_deploy.aws_cloudfront_origin_access_identity.this",
            "module.tf_next.module.statics_deploy.module.deploy_trigger.aws_cloudwatch_log_group.lambda",
            "module.tf_next.data.aws_cloudfront_origin_request_policy.managed_all_viewer",
            "module.tf_next.module.next_image.module.api_gateway.aws_apigatewayv2_api.this",
            "module.tf_next.module.proxy.module.edge_proxy.aws_cloudwatch_log_group.lambda",
            "module.tf_next.module.proxy.module.edge_proxy.aws_iam_role.lambda",
            "module.tf_next.module.proxy_config.data.aws_cloudfront_cache_policy.managed_caching_optimized_for_uncompressed_objects",
            "module.tf_next.module.statics_deploy.module.deploy_trigger.local_file.archive_plan",
            "module.tf_next.module.statics_deploy.module.lambda_content.data.external.download",
            "module.cloudfront_cert.aws_acm_certificate_validation.this",
            "module.tf_next.module.api_gateway.aws_apigatewayv2_api.this",
            "module.tf_next.module.proxy.module.edge_proxy.aws_lambda_function.this",
            "module.tf_next.module.statics_deploy.aws_sqs_queue.this",
            "module.tf_next.module.statics_deploy.module.deploy_trigger.aws_lambda_function.this",
            "module.tf_next.data.aws_cloudfront_origin_request_policy.managed_cors_s3_origin",
            "module.tf_next.module.next_image.aws_cloudfront_origin_request_policy.this",
            "module.tf_next.module.proxy.module.proxy_package.data.external.download",
            "module.tf_next.module.statics_deploy.aws_s3_bucket.static_upload",
            "module.tf_next.module.statics_deploy.module.deploy_trigger.data.external.archive_prepare",
            "module.tf_next.module.next_image.data.aws_region.current",
            "module.tf_next.module.proxy.module.edge_proxy.null_resource.archive"
          ]
        },
        {
          "index_key": "InvalidationQueue",
          "schema_version": 0,
          "attributes": {
            "action": "lambda:InvokeFunction",
            "event_source_token": null,
            "function_name": "harbor-centre-on-main-beta_tfn-deploy",
            "id": "InvalidationQueue",
            "principal": "sqs.amazonaws.com",
            "qualifier": "1",
            "source_account": null,
            "source_arn": "arn:aws:sns:us-east-1:654918520080:harbor-centre-on-main-beta20211130012639480900000007",
            "statement_id": "InvalidationQueue",
            "statement_id_prefix": null
          },
          "sensitive_attributes": [],
          "private": "bnVsbA==",
          "dependencies": [
            "module.tf_next.data.aws_cloudfront_origin_request_policy.managed_cors_s3_origin",
            "module.tf_next.module.next_image.module.api_gateway.aws_apigatewayv2_api.this",
            "module.tf_next.module.proxy.module.edge_proxy.aws_iam_role.lambda",
            "module.tf_next.module.proxy.module.edge_proxy.aws_lambda_function.this",
            "module.tf_next.module.proxy.module.edge_proxy.data.aws_iam_policy_document.assume_role",
            "module.tf_next.module.proxy_config.data.aws_cloudfront_cache_policy.managed_caching_optimized_for_uncompressed_objects",
            "module.tf_next.module.statics_deploy.aws_sqs_queue.this",
            "module.cloudfront_cert.aws_acm_certificate_validation.this",
            "module.tf_next.aws_cloudfront_cache_policy.this",
            "module.tf_next.data.aws_cloudfront_cache_policy.managed_caching_optimized",
            "module.tf_next.module.next_image.aws_cloudfront_cache_policy.this",
            "module.tf_next.module.next_image.data.aws_region.current",
            "module.tf_next.module.statics_deploy.module.deploy_trigger.aws_cloudwatch_log_group.lambda",
            "module.cloudfront_cert.aws_route53_record.validation",
            "module.tf_next.module.cloudfront_main.aws_cloudfront_distribution.distribution",
            "module.tf_next.module.proxy_config.data.aws_cloudfront_origin_request_policy.managed_cors_s3_origin",
            "module.tf_next.module.statics_deploy.module.deploy_trigger.null_resource.archive",
            "module.tf_next.module.api_gateway.aws_apigatewayv2_api.this",
            "module.tf_next.module.statics_deploy.aws_s3_bucket.static_upload",
            "module.tf_next.module.statics_deploy.module.deploy_trigger.local_file.archive_plan",
            "module.cloudfront_cert.aws_acm_certificate.this",
            "module.tf_next.module.next_image.aws_cloudfront_origin_request_policy.this",
            "module.tf_next.module.statics_deploy.module.deploy_trigger.aws_lambda_function.this",
            "module.tf_next.module.statics_deploy.module.deploy_trigger.data.aws_iam_policy_document.assume_role",
            "data.aws_route53_zone.custom_domain_zone",
            "module.tf_next.module.proxy.module.edge_proxy.aws_cloudwatch_log_group.lambda",
            "module.tf_next.module.proxy.module.edge_proxy.data.external.archive_prepare",
            "module.tf_next.module.statics_deploy.aws_sns_topic.this",
            "module.tf_next.module.statics_deploy.module.deploy_trigger.aws_iam_role.lambda",
            "module.tf_next.module.statics_deploy.module.deploy_trigger.data.external.archive_prepare",
            "module.tf_next.module.proxy.module.edge_proxy.aws_s3_bucket_object.lambda_package",
            "module.tf_next.module.proxy.module.edge_proxy.local_file.archive_plan",
            "module.tf_next.module.proxy.module.edge_proxy.null_resource.archive",
            "module.tf_next.module.proxy_config.aws_s3_bucket.proxy_config_store",
            "module.tf_next.module.statics_deploy.aws_cloudfront_origin_access_identity.this",
            "module.tf_next.module.statics_deploy.module.lambda_content.data.external.download",
            "module.tf_next.data.aws_cloudfront_origin_request_policy.managed_all_viewer",
            "module.tf_next.module.proxy.module.proxy_package.data.external.download",
            "module.tf_next.module.proxy.module.proxy_package.data.external.this",
            "module.tf_next.module.proxy_config.aws_cloudfront_distribution.distribution",
            "module.tf_next.module.proxy_config.aws_cloudfront_origin_access_identity.this",
            "module.tf_next.module.statics_deploy.aws_s3_bucket.static_deploy",
            "module.tf_next.module.statics_deploy.module.deploy_trigger.aws_s3_bucket_object.lambda_package",
            "module.tf_next.module.statics_deploy.module.lambda_content.data.external.this"
          ]
        }
      ]
    },
    {
      "module": "module.tf_next.module.statics_deploy.module.deploy_trigger",
      "mode": "managed",
      "type": "aws_lambda_permission",
      "name": "unqualified_alias_triggers",
      "provider": "provider[\"registry.terraform.io/hashicorp/aws\"]",
      "instances": [
        {
          "index_key": "AllowExecutionFromS3Bucket",
          "schema_version": 0,
          "attributes": {
            "action": "lambda:InvokeFunction",
            "event_source_token": null,
            "function_name": "harbor-centre-on-main-beta_tfn-deploy",
            "id": "AllowExecutionFromS3Bucket",
            "principal": "s3.amazonaws.com",
            "qualifier": "",
            "source_account": null,
            "source_arn": "arn:aws:s3:::harbor-centre-on-main-beta-tfn-deploy20211130012639420600000004",
            "statement_id": "AllowExecutionFromS3Bucket",
            "statement_id_prefix": null
          },
          "sensitive_attributes": [],
          "private": "bnVsbA==",
          "dependencies": [
            "module.tf_next.module.statics_deploy.aws_sns_topic.this",
            "module.tf_next.module.statics_deploy.module.deploy_trigger.data.aws_iam_policy_document.assume_role",
            "data.aws_route53_zone.custom_domain_zone",
            "module.cloudfront_cert.aws_acm_certificate_validation.this",
            "module.tf_next.module.proxy_config.aws_cloudfront_distribution.distribution",
            "module.tf_next.module.statics_deploy.aws_cloudfront_origin_access_identity.this",
            "module.tf_next.module.statics_deploy.aws_s3_bucket.static_deploy",
            "module.cloudfront_cert.aws_acm_certificate.this",
            "module.tf_next.module.cloudfront_main.aws_cloudfront_distribution.distribution",
            "module.tf_next.module.proxy.module.edge_proxy.data.aws_iam_policy_document.assume_role",
            "module.tf_next.module.proxy.module.proxy_package.data.external.download",
            "module.tf_next.module.proxy.module.proxy_package.data.external.this",
            "module.tf_next.module.next_image.aws_cloudfront_cache_policy.this",
            "module.tf_next.module.next_image.aws_cloudfront_origin_request_policy.this",
            "module.tf_next.module.next_image.module.api_gateway.aws_apigatewayv2_api.this",
            "module.tf_next.module.proxy.module.edge_proxy.aws_cloudwatch_log_group.lambda",
            "module.tf_next.module.proxy.module.edge_proxy.aws_s3_bucket_object.lambda_package",
            "module.tf_next.module.proxy_config.aws_cloudfront_origin_access_identity.this",
            "module.tf_next.module.statics_deploy.module.deploy_trigger.aws_lambda_function.this",
            "module.tf_next.module.statics_deploy.module.deploy_trigger.null_resource.archive",
            "module.tf_next.module.statics_deploy.module.lambda_content.data.external.this",
            "module.tf_next.data.aws_cloudfront_cache_policy.managed_caching_optimized",
            "module.tf_next.module.proxy.module.edge_proxy.local_file.archive_plan",
            "module.tf_next.module.proxy.module.edge_proxy.null_resource.archive",
            "module.tf_next.module.statics_deploy.module.deploy_trigger.aws_s3_bucket_object.lambda_package",
            "module.tf_next.module.statics_deploy.module.lambda_content.data.external.download",
            "module.tf_next.data.aws_cloudfront_origin_request_policy.managed_cors_s3_origin",
            "module.tf_next.module.next_image.data.aws_region.current",
            "module.tf_next.module.statics_deploy.module.deploy_trigger.aws_cloudwatch_log_group.lambda",
            "module.tf_next.module.statics_deploy.module.deploy_trigger.data.external.archive_prepare",
            "module.tf_next.module.statics_deploy.module.deploy_trigger.aws_iam_role.lambda",
            "module.cloudfront_cert.aws_route53_record.validation",
            "module.tf_next.module.api_gateway.aws_apigatewayv2_api.this",
            "module.tf_next.module.proxy.module.edge_proxy.aws_iam_role.lambda",
            "module.tf_next.module.proxy_config.data.aws_cloudfront_origin_request_policy.managed_cors_s3_origin",
            "module.tf_next.module.statics_deploy.aws_sqs_queue.this",
            "module.tf_next.module.statics_deploy.module.deploy_trigger.local_file.archive_plan",
            "module.tf_next.aws_cloudfront_cache_policy.this",
            "module.tf_next.module.proxy.module.edge_proxy.aws_lambda_function.this",
            "module.tf_next.module.proxy.module.edge_proxy.data.external.archive_prepare",
            "module.tf_next.module.proxy_config.aws_s3_bucket.proxy_config_store",
            "module.tf_next.module.statics_deploy.aws_s3_bucket.static_upload",
            "module.tf_next.data.aws_cloudfront_origin_request_policy.managed_all_viewer",
            "module.tf_next.module.proxy_config.data.aws_cloudfront_cache_policy.managed_caching_optimized_for_uncompressed_objects"
          ]
        },
        {
          "index_key": "InvalidationQueue",
          "schema_version": 0,
          "attributes": {
            "action": "lambda:InvokeFunction",
            "event_source_token": null,
            "function_name": "harbor-centre-on-main-beta_tfn-deploy",
            "id": "InvalidationQueue",
            "principal": "sqs.amazonaws.com",
            "qualifier": "",
            "source_account": null,
            "source_arn": "arn:aws:sns:us-east-1:654918520080:harbor-centre-on-main-beta20211130012639480900000007",
            "statement_id": "InvalidationQueue",
            "statement_id_prefix": null
          },
          "sensitive_attributes": [],
          "private": "bnVsbA==",
          "dependencies": [
            "module.cloudfront_cert.aws_acm_certificate_validation.this",
            "module.tf_next.module.proxy.module.proxy_package.data.external.this",
            "module.tf_next.data.aws_cloudfront_origin_request_policy.managed_all_viewer",
            "module.tf_next.module.cloudfront_main.aws_cloudfront_distribution.distribution",
            "module.tf_next.module.proxy.module.edge_proxy.local_file.archive_plan",
            "module.tf_next.module.statics_deploy.module.deploy_trigger.local_file.archive_plan",
            "module.tf_next.module.statics_deploy.module.lambda_content.data.external.this",
            "module.tf_next.module.proxy_config.aws_cloudfront_origin_access_identity.this",
            "module.tf_next.module.proxy_config.aws_s3_bucket.proxy_config_store",
            "module.tf_next.module.proxy_config.data.aws_cloudfront_cache_policy.managed_caching_optimized_for_uncompressed_objects",
            "module.tf_next.module.statics_deploy.aws_cloudfront_origin_access_identity.this",
            "module.tf_next.module.statics_deploy.aws_s3_bucket.static_upload",
            "module.tf_next.module.statics_deploy.aws_sqs_queue.this",
            "module.tf_next.module.statics_deploy.module.deploy_trigger.aws_lambda_function.this",
            "module.tf_next.aws_cloudfront_cache_policy.this",
            "module.tf_next.module.api_gateway.aws_apigatewayv2_api.this",
            "module.tf_next.module.next_image.data.aws_region.current",
            "module.tf_next.module.proxy_config.data.aws_cloudfront_origin_request_policy.managed_cors_s3_origin",
            "module.tf_next.module.statics_deploy.aws_s3_bucket.static_deploy",
            "module.tf_next.module.statics_deploy.aws_sns_topic.this",
            "module.tf_next.module.statics_deploy.module.deploy_trigger.null_resource.archive",
            "data.aws_route53_zone.custom_domain_zone",
            "module.cloudfront_cert.aws_acm_certificate.this",
            "module.tf_next.data.aws_cloudfront_origin_request_policy.managed_cors_s3_origin",
            "module.tf_next.module.proxy.module.edge_proxy.data.external.archive_prepare",
            "module.tf_next.module.proxy.module.proxy_package.data.external.download",
            "module.tf_next.module.statics_deploy.module.deploy_trigger.aws_s3_bucket_object.lambda_package",
            "module.tf_next.data.aws_cloudfront_cache_policy.managed_caching_optimized",
            "module.tf_next.module.next_image.aws_cloudfront_cache_policy.this",
            "module.tf_next.module.next_image.aws_cloudfront_origin_request_policy.this",
            "module.tf_next.module.proxy.module.edge_proxy.aws_iam_role.lambda",
            "module.tf_next.module.proxy.module.edge_proxy.aws_lambda_function.this",
            "module.tf_next.module.proxy.module.edge_proxy.aws_s3_bucket_object.lambda_package",
            "module.tf_next.module.proxy.module.edge_proxy.null_resource.archive",
            "module.tf_next.module.statics_deploy.module.deploy_trigger.data.external.archive_prepare",
            "module.tf_next.module.statics_deploy.module.lambda_content.data.external.download",
            "module.tf_next.module.next_image.module.api_gateway.aws_apigatewayv2_api.this",
            "module.tf_next.module.proxy.module.edge_proxy.aws_cloudwatch_log_group.lambda",
            "module.tf_next.module.statics_deploy.module.deploy_trigger.aws_cloudwatch_log_group.lambda",
            "module.tf_next.module.statics_deploy.module.deploy_trigger.data.aws_iam_policy_document.assume_role",
            "module.cloudfront_cert.aws_route53_record.validation",
            "module.tf_next.module.proxy.module.edge_proxy.data.aws_iam_policy_document.assume_role",
            "module.tf_next.module.proxy_config.aws_cloudfront_distribution.distribution",
            "module.tf_next.module.statics_deploy.module.deploy_trigger.aws_iam_role.lambda"
          ]
        }
      ]
    },
    {
      "module": "module.tf_next.module.statics_deploy.module.lambda_content",
      "mode": "data",
      "type": "external",
      "name": "download",
      "provider": "provider[\"registry.terraform.io/hashicorp/external\"]",
      "instances": [
        {
          "index_key": 0,
          "schema_version": 0,
          "attributes": {
            "id": "-",
            "program": [
              "bash",
              ".terraform/modules/tf_next.statics_deploy.lambda_content/download.sh",
              "https://cdn.jsdelivr.net/npm/@millihq/terraform-next-deploy-trigger@0.10.2/dist.zip",
              ".terraform/modules/tf_next.statics_deploy.lambda_content/download/@millihq/terraform-next-deploy-trigger/dist.zip"
            ],
            "query": null,
            "result": {
              "path": ".terraform/modules/tf_next.statics_deploy.lambda_content/download/@millihq/terraform-next-deploy-trigger/dist.zip"
            },
            "working_dir": null
          },
          "sensitive_attributes": []
        }
      ]
    }
  ]
}
